// !$*UTF8*$!
{
	archiveVersion = 1;
	classes = {
	};
	objectVersion = 46;
	objects = {

/* Begin PBXBuildFile section */
		381290DF19500BEA00BE646D /* AddressListCellSubTableViewCell.m in Sources */ = {isa = PBXBuildFile; fileRef = 381290DD19500BEA00BE646D /* AddressListCellSubTableViewCell.m */; };
		381290E019500BEA00BE646D /* AddressListCellSubTableViewCell.m in Sources */ = {isa = PBXBuildFile; fileRef = 381290DD19500BEA00BE646D /* AddressListCellSubTableViewCell.m */; };
		381290E119500BEA00BE646D /* AddressListCellSubTableViewCell.xib in Resources */ = {isa = PBXBuildFile; fileRef = 381290DE19500BEA00BE646D /* AddressListCellSubTableViewCell.xib */; };
		381290E219500BEA00BE646D /* AddressListCellSubTableViewCell.xib in Resources */ = {isa = PBXBuildFile; fileRef = 381290DE19500BEA00BE646D /* AddressListCellSubTableViewCell.xib */; };
		381290E619500D3100BE646D /* mobile.png in Resources */ = {isa = PBXBuildFile; fileRef = 381290E519500D3100BE646D /* mobile.png */; };
		381290E719500D3100BE646D /* mobile.png in Resources */ = {isa = PBXBuildFile; fileRef = 381290E519500D3100BE646D /* mobile.png */; };
		381290EA19500D3C00BE646D /* pc.png in Resources */ = {isa = PBXBuildFile; fileRef = 381290E819500D3C00BE646D /* pc.png */; };
		381290EB19500D3C00BE646D /* pc.png in Resources */ = {isa = PBXBuildFile; fileRef = 381290E819500D3C00BE646D /* pc.png */; };
		381290EC19500D3C00BE646D /* phone.png in Resources */ = {isa = PBXBuildFile; fileRef = 381290E919500D3C00BE646D /* phone.png */; };
		381290ED19500D3C00BE646D /* phone.png in Resources */ = {isa = PBXBuildFile; fileRef = 381290E919500D3C00BE646D /* phone.png */; };
		3812910719501B5D00BE646D /* ico_color01.png in Resources */ = {isa = PBXBuildFile; fileRef = 381290EF19501B5D00BE646D /* ico_color01.png */; };
		3812910819501B5D00BE646D /* ico_color01.png in Resources */ = {isa = PBXBuildFile; fileRef = 381290EF19501B5D00BE646D /* ico_color01.png */; };
		3812910919501B5D00BE646D /* ico_color01s.png in Resources */ = {isa = PBXBuildFile; fileRef = 381290F019501B5D00BE646D /* ico_color01s.png */; };
		3812910A19501B5D00BE646D /* ico_color01s.png in Resources */ = {isa = PBXBuildFile; fileRef = 381290F019501B5D00BE646D /* ico_color01s.png */; };
		3812910B19501B5D00BE646D /* ico_color02.png in Resources */ = {isa = PBXBuildFile; fileRef = 381290F119501B5D00BE646D /* ico_color02.png */; };
		3812910C19501B5D00BE646D /* ico_color02.png in Resources */ = {isa = PBXBuildFile; fileRef = 381290F119501B5D00BE646D /* ico_color02.png */; };
		3812910D19501B5D00BE646D /* ico_color02s.png in Resources */ = {isa = PBXBuildFile; fileRef = 381290F219501B5D00BE646D /* ico_color02s.png */; };
		3812910E19501B5D00BE646D /* ico_color02s.png in Resources */ = {isa = PBXBuildFile; fileRef = 381290F219501B5D00BE646D /* ico_color02s.png */; };
		3812910F19501B5D00BE646D /* ico_color03.png in Resources */ = {isa = PBXBuildFile; fileRef = 381290F319501B5D00BE646D /* ico_color03.png */; };
		3812911019501B5D00BE646D /* ico_color03.png in Resources */ = {isa = PBXBuildFile; fileRef = 381290F319501B5D00BE646D /* ico_color03.png */; };
		3812911119501B5D00BE646D /* ico_color03s.png in Resources */ = {isa = PBXBuildFile; fileRef = 381290F419501B5D00BE646D /* ico_color03s.png */; };
		3812911219501B5D00BE646D /* ico_color03s.png in Resources */ = {isa = PBXBuildFile; fileRef = 381290F419501B5D00BE646D /* ico_color03s.png */; };
		3812911319501B5D00BE646D /* ico_color04.png in Resources */ = {isa = PBXBuildFile; fileRef = 381290F519501B5D00BE646D /* ico_color04.png */; };
		3812911419501B5D00BE646D /* ico_color04.png in Resources */ = {isa = PBXBuildFile; fileRef = 381290F519501B5D00BE646D /* ico_color04.png */; };
		3812911519501B5D00BE646D /* ico_color04s.png in Resources */ = {isa = PBXBuildFile; fileRef = 381290F619501B5D00BE646D /* ico_color04s.png */; };
		3812911619501B5D00BE646D /* ico_color04s.png in Resources */ = {isa = PBXBuildFile; fileRef = 381290F619501B5D00BE646D /* ico_color04s.png */; };
		3812911719501B5D00BE646D /* ico_color05.png in Resources */ = {isa = PBXBuildFile; fileRef = 381290F719501B5D00BE646D /* ico_color05.png */; };
		3812911819501B5D00BE646D /* ico_color05.png in Resources */ = {isa = PBXBuildFile; fileRef = 381290F719501B5D00BE646D /* ico_color05.png */; };
		3812911919501B5D00BE646D /* ico_color05s.png in Resources */ = {isa = PBXBuildFile; fileRef = 381290F819501B5D00BE646D /* ico_color05s.png */; };
		3812911A19501B5D00BE646D /* ico_color05s.png in Resources */ = {isa = PBXBuildFile; fileRef = 381290F819501B5D00BE646D /* ico_color05s.png */; };
		3812911B19501B5D00BE646D /* ico_color06.png in Resources */ = {isa = PBXBuildFile; fileRef = 381290F919501B5D00BE646D /* ico_color06.png */; };
		3812911C19501B5D00BE646D /* ico_color06.png in Resources */ = {isa = PBXBuildFile; fileRef = 381290F919501B5D00BE646D /* ico_color06.png */; };
		3812911D19501B5D00BE646D /* ico_color06s.png in Resources */ = {isa = PBXBuildFile; fileRef = 381290FA19501B5D00BE646D /* ico_color06s.png */; };
		3812911E19501B5D00BE646D /* ico_color06s.png in Resources */ = {isa = PBXBuildFile; fileRef = 381290FA19501B5D00BE646D /* ico_color06s.png */; };
		3812911F19501B5D00BE646D /* ico_color07.png in Resources */ = {isa = PBXBuildFile; fileRef = 381290FB19501B5D00BE646D /* ico_color07.png */; };
		3812912019501B5D00BE646D /* ico_color07.png in Resources */ = {isa = PBXBuildFile; fileRef = 381290FB19501B5D00BE646D /* ico_color07.png */; };
		3812912119501B5D00BE646D /* ico_color07s.png in Resources */ = {isa = PBXBuildFile; fileRef = 381290FC19501B5D00BE646D /* ico_color07s.png */; };
		3812912219501B5D00BE646D /* ico_color07s.png in Resources */ = {isa = PBXBuildFile; fileRef = 381290FC19501B5D00BE646D /* ico_color07s.png */; };
		3812912319501B5D00BE646D /* ico_color08.png in Resources */ = {isa = PBXBuildFile; fileRef = 381290FD19501B5D00BE646D /* ico_color08.png */; };
		3812912419501B5D00BE646D /* ico_color08.png in Resources */ = {isa = PBXBuildFile; fileRef = 381290FD19501B5D00BE646D /* ico_color08.png */; };
		3812912519501B5D00BE646D /* ico_color08s.png in Resources */ = {isa = PBXBuildFile; fileRef = 381290FE19501B5D00BE646D /* ico_color08s.png */; };
		3812912619501B5D00BE646D /* ico_color08s.png in Resources */ = {isa = PBXBuildFile; fileRef = 381290FE19501B5D00BE646D /* ico_color08s.png */; };
		3812912719501B5D00BE646D /* ico_color09.png in Resources */ = {isa = PBXBuildFile; fileRef = 381290FF19501B5D00BE646D /* ico_color09.png */; };
		3812912819501B5D00BE646D /* ico_color09.png in Resources */ = {isa = PBXBuildFile; fileRef = 381290FF19501B5D00BE646D /* ico_color09.png */; };
		3812912919501B5D00BE646D /* ico_color09s.png in Resources */ = {isa = PBXBuildFile; fileRef = 3812910019501B5D00BE646D /* ico_color09s.png */; };
		3812912A19501B5D00BE646D /* ico_color09s.png in Resources */ = {isa = PBXBuildFile; fileRef = 3812910019501B5D00BE646D /* ico_color09s.png */; };
		3812912B19501B5D00BE646D /* ico_color10.png in Resources */ = {isa = PBXBuildFile; fileRef = 3812910119501B5D00BE646D /* ico_color10.png */; };
		3812912C19501B5D00BE646D /* ico_color10.png in Resources */ = {isa = PBXBuildFile; fileRef = 3812910119501B5D00BE646D /* ico_color10.png */; };
		3812912D19501B5D00BE646D /* ico_color10s.png in Resources */ = {isa = PBXBuildFile; fileRef = 3812910219501B5D00BE646D /* ico_color10s.png */; };
		3812912E19501B5D00BE646D /* ico_color10s.png in Resources */ = {isa = PBXBuildFile; fileRef = 3812910219501B5D00BE646D /* ico_color10s.png */; };
		3812912F19501B5D00BE646D /* ico_color11.png in Resources */ = {isa = PBXBuildFile; fileRef = 3812910319501B5D00BE646D /* ico_color11.png */; };
		3812913019501B5D00BE646D /* ico_color11.png in Resources */ = {isa = PBXBuildFile; fileRef = 3812910319501B5D00BE646D /* ico_color11.png */; };
		3812913119501B5D00BE646D /* ico_color11s.png in Resources */ = {isa = PBXBuildFile; fileRef = 3812910419501B5D00BE646D /* ico_color11s.png */; };
		3812913219501B5D00BE646D /* ico_color11s.png in Resources */ = {isa = PBXBuildFile; fileRef = 3812910419501B5D00BE646D /* ico_color11s.png */; };
		3812913319501B5D00BE646D /* ico_color12.png in Resources */ = {isa = PBXBuildFile; fileRef = 3812910519501B5D00BE646D /* ico_color12.png */; };
		3812913419501B5D00BE646D /* ico_color12.png in Resources */ = {isa = PBXBuildFile; fileRef = 3812910519501B5D00BE646D /* ico_color12.png */; };
		3812913519501B5D00BE646D /* ico_color12s.png in Resources */ = {isa = PBXBuildFile; fileRef = 3812910619501B5D00BE646D /* ico_color12s.png */; };
		3812913619501B5D00BE646D /* ico_color12s.png in Resources */ = {isa = PBXBuildFile; fileRef = 3812910619501B5D00BE646D /* ico_color12s.png */; };
		3812913E19501E7200BE646D /* ico_white01.png in Resources */ = {isa = PBXBuildFile; fileRef = 3812913719501E7200BE646D /* ico_white01.png */; };
		3812913F19501E7200BE646D /* ico_white01.png in Resources */ = {isa = PBXBuildFile; fileRef = 3812913719501E7200BE646D /* ico_white01.png */; };
		3812914019501E7200BE646D /* ico_white02.png in Resources */ = {isa = PBXBuildFile; fileRef = 3812913819501E7200BE646D /* ico_white02.png */; };
		3812914119501E7200BE646D /* ico_white02.png in Resources */ = {isa = PBXBuildFile; fileRef = 3812913819501E7200BE646D /* ico_white02.png */; };
		3812914219501E7200BE646D /* ico_white03.png in Resources */ = {isa = PBXBuildFile; fileRef = 3812913919501E7200BE646D /* ico_white03.png */; };
		3812914319501E7200BE646D /* ico_white03.png in Resources */ = {isa = PBXBuildFile; fileRef = 3812913919501E7200BE646D /* ico_white03.png */; };
		3812914419501E7200BE646D /* ico_white04.png in Resources */ = {isa = PBXBuildFile; fileRef = 3812913A19501E7200BE646D /* ico_white04.png */; };
		3812914519501E7200BE646D /* ico_white04.png in Resources */ = {isa = PBXBuildFile; fileRef = 3812913A19501E7200BE646D /* ico_white04.png */; };
		3812914619501E7200BE646D /* ico_white05.png in Resources */ = {isa = PBXBuildFile; fileRef = 3812913B19501E7200BE646D /* ico_white05.png */; };
		3812914719501E7200BE646D /* ico_white05.png in Resources */ = {isa = PBXBuildFile; fileRef = 3812913B19501E7200BE646D /* ico_white05.png */; };
		3812914819501E7200BE646D /* ico_white06.png in Resources */ = {isa = PBXBuildFile; fileRef = 3812913C19501E7200BE646D /* ico_white06.png */; };
		3812914919501E7200BE646D /* ico_white06.png in Resources */ = {isa = PBXBuildFile; fileRef = 3812913C19501E7200BE646D /* ico_white06.png */; };
		3812914A19501E7200BE646D /* ico_white07.png in Resources */ = {isa = PBXBuildFile; fileRef = 3812913D19501E7200BE646D /* ico_white07.png */; };
		3812914B19501E7200BE646D /* ico_white07.png in Resources */ = {isa = PBXBuildFile; fileRef = 3812913D19501E7200BE646D /* ico_white07.png */; };
		38129152195022FD00BE646D /* start29_29.png in Resources */ = {isa = PBXBuildFile; fileRef = 3812914D195022FD00BE646D /* start29_29.png */; };
		38129153195022FD00BE646D /* start29_29.png in Resources */ = {isa = PBXBuildFile; fileRef = 3812914D195022FD00BE646D /* start29_29.png */; };
		38129154195022FD00BE646D /* start72_72.png in Resources */ = {isa = PBXBuildFile; fileRef = 3812914E195022FD00BE646D /* start72_72.png */; };
		38129155195022FD00BE646D /* start72_72.png in Resources */ = {isa = PBXBuildFile; fileRef = 3812914E195022FD00BE646D /* start72_72.png */; };
		38129156195022FD00BE646D /* start80x80.png in Resources */ = {isa = PBXBuildFile; fileRef = 3812914F195022FD00BE646D /* start80x80.png */; };
		38129157195022FD00BE646D /* start80x80.png in Resources */ = {isa = PBXBuildFile; fileRef = 3812914F195022FD00BE646D /* start80x80.png */; };
		38129158195022FD00BE646D /* start114_114.png in Resources */ = {isa = PBXBuildFile; fileRef = 38129150195022FD00BE646D /* start114_114.png */; };
		38129159195022FD00BE646D /* start114_114.png in Resources */ = {isa = PBXBuildFile; fileRef = 38129150195022FD00BE646D /* start114_114.png */; };
		3812915A195022FD00BE646D /* start120_120.png in Resources */ = {isa = PBXBuildFile; fileRef = 38129151195022FD00BE646D /* start120_120.png */; };
		3812915B195022FD00BE646D /* start120_120.png in Resources */ = {isa = PBXBuildFile; fileRef = 38129151195022FD00BE646D /* start120_120.png */; };
		3812915D1950231100BE646D /* main_640_1136.png in Resources */ = {isa = PBXBuildFile; fileRef = 3812915C1950231100BE646D /* main_640_1136.png */; };
		3812915E1950231100BE646D /* main_640_1136.png in Resources */ = {isa = PBXBuildFile; fileRef = 3812915C1950231100BE646D /* main_640_1136.png */; };
		381291611950239900BE646D /* start57_57.png in Resources */ = {isa = PBXBuildFile; fileRef = 3812915F1950239900BE646D /* start57_57.png */; };
		381291621950239900BE646D /* start57_57.png in Resources */ = {isa = PBXBuildFile; fileRef = 3812915F1950239900BE646D /* start57_57.png */; };
		381291631950239900BE646D /* start58_58.png in Resources */ = {isa = PBXBuildFile; fileRef = 381291601950239900BE646D /* start58_58.png */; };
		381291641950239900BE646D /* start58_58.png in Resources */ = {isa = PBXBuildFile; fileRef = 381291601950239900BE646D /* start58_58.png */; };
		381291671950241700BE646D /* main_640_960.png in Resources */ = {isa = PBXBuildFile; fileRef = 381291651950241700BE646D /* main_640_960.png */; };
		381291681950241700BE646D /* main_640_960.png in Resources */ = {isa = PBXBuildFile; fileRef = 381291651950241700BE646D /* main_640_960.png */; };
		381291691950241700BE646D /* main_320_480.png in Resources */ = {isa = PBXBuildFile; fileRef = 381291661950241700BE646D /* main_320_480.png */; };
		3812916A1950241700BE646D /* main_320_480.png in Resources */ = {isa = PBXBuildFile; fileRef = 381291661950241700BE646D /* main_320_480.png */; };
		3866A5B9192DDB4F003EBA23 /* Foundation.framework in Frameworks */ = {isa = PBXBuildFile; fileRef = 3866A5B8192DDB4F003EBA23 /* Foundation.framework */; };
		3866A5BB192DDB4F003EBA23 /* CoreGraphics.framework in Frameworks */ = {isa = PBXBuildFile; fileRef = 3866A5BA192DDB4F003EBA23 /* CoreGraphics.framework */; };
		3866A5BD192DDB4F003EBA23 /* UIKit.framework in Frameworks */ = {isa = PBXBuildFile; fileRef = 3866A5BC192DDB4F003EBA23 /* UIKit.framework */; };
		3866A5C3192DDB4F003EBA23 /* InfoPlist.strings in Resources */ = {isa = PBXBuildFile; fileRef = 3866A5C1192DDB4F003EBA23 /* InfoPlist.strings */; };
		3866A5C5192DDB4F003EBA23 /* main.m in Sources */ = {isa = PBXBuildFile; fileRef = 3866A5C4192DDB4F003EBA23 /* main.m */; };
		3866A5C9192DDB4F003EBA23 /* AppDelegate.m in Sources */ = {isa = PBXBuildFile; fileRef = 3866A5C8192DDB4F003EBA23 /* AppDelegate.m */; };
		3866A5CC192DDB4F003EBA23 /* Main.storyboard in Resources */ = {isa = PBXBuildFile; fileRef = 3866A5CA192DDB4F003EBA23 /* Main.storyboard */; };
		3866A5CF192DDB4F003EBA23 /* FirstViewController.m in Sources */ = {isa = PBXBuildFile; fileRef = 3866A5CE192DDB4F003EBA23 /* FirstViewController.m */; };
		3866A5D2192DDB4F003EBA23 /* SecondViewController.m in Sources */ = {isa = PBXBuildFile; fileRef = 3866A5D1192DDB4F003EBA23 /* SecondViewController.m */; };
		3866A5D4192DDB4F003EBA23 /* Images.xcassets in Resources */ = {isa = PBXBuildFile; fileRef = 3866A5D3192DDB4F003EBA23 /* Images.xcassets */; };
		3866A5DB192DDB4F003EBA23 /* XCTest.framework in Frameworks */ = {isa = PBXBuildFile; fileRef = 3866A5DA192DDB4F003EBA23 /* XCTest.framework */; };
		3866A5DC192DDB4F003EBA23 /* Foundation.framework in Frameworks */ = {isa = PBXBuildFile; fileRef = 3866A5B8192DDB4F003EBA23 /* Foundation.framework */; };
		3866A5DD192DDB4F003EBA23 /* UIKit.framework in Frameworks */ = {isa = PBXBuildFile; fileRef = 3866A5BC192DDB4F003EBA23 /* UIKit.framework */; };
		3866A5E5192DDB4F003EBA23 /* InfoPlist.strings in Resources */ = {isa = PBXBuildFile; fileRef = 3866A5E3192DDB4F003EBA23 /* InfoPlist.strings */; };
		3866A5E7192DDB4F003EBA23 /* shangjiayiTests.m in Sources */ = {isa = PBXBuildFile; fileRef = 3866A5E6192DDB4F003EBA23 /* shangjiayiTests.m */; };
		3866A5FC192DDEBF003EBA23 /* main0104white@2x.png in Resources */ = {isa = PBXBuildFile; fileRef = 3866A5F2192DDEBF003EBA23 /* main0104white@2x.png */; };
		3866A5FD192DDEBF003EBA23 /* main0104white@2x.png in Resources */ = {isa = PBXBuildFile; fileRef = 3866A5F2192DDEBF003EBA23 /* main0104white@2x.png */; };
		3866A5FE192DDEBF003EBA23 /* main0103white@2x.png in Resources */ = {isa = PBXBuildFile; fileRef = 3866A5F3192DDEBF003EBA23 /* main0103white@2x.png */; };
		3866A5FF192DDEBF003EBA23 /* main0103white@2x.png in Resources */ = {isa = PBXBuildFile; fileRef = 3866A5F3192DDEBF003EBA23 /* main0103white@2x.png */; };
		3866A600192DDEBF003EBA23 /* main0102white@2x.png in Resources */ = {isa = PBXBuildFile; fileRef = 3866A5F4192DDEBF003EBA23 /* main0102white@2x.png */; };
		3866A601192DDEBF003EBA23 /* main0102white@2x.png in Resources */ = {isa = PBXBuildFile; fileRef = 3866A5F4192DDEBF003EBA23 /* main0102white@2x.png */; };
		3866A602192DDEBF003EBA23 /* main0105white@2x.png in Resources */ = {isa = PBXBuildFile; fileRef = 3866A5F5192DDEBF003EBA23 /* main0105white@2x.png */; };
		3866A603192DDEBF003EBA23 /* main0105white@2x.png in Resources */ = {isa = PBXBuildFile; fileRef = 3866A5F5192DDEBF003EBA23 /* main0105white@2x.png */; };
		3866A604192DDEBF003EBA23 /* main0101white@2x.png in Resources */ = {isa = PBXBuildFile; fileRef = 3866A5F6192DDEBF003EBA23 /* main0101white@2x.png */; };
		3866A605192DDEBF003EBA23 /* main0101white@2x.png in Resources */ = {isa = PBXBuildFile; fileRef = 3866A5F6192DDEBF003EBA23 /* main0101white@2x.png */; };
		3866A606192DDEBF003EBA23 /* main0101gray@2x.png in Resources */ = {isa = PBXBuildFile; fileRef = 3866A5F7192DDEBF003EBA23 /* main0101gray@2x.png */; };
		3866A607192DDEBF003EBA23 /* main0101gray@2x.png in Resources */ = {isa = PBXBuildFile; fileRef = 3866A5F7192DDEBF003EBA23 /* main0101gray@2x.png */; };
		3866A608192DDEBF003EBA23 /* main0104gray@2x.png in Resources */ = {isa = PBXBuildFile; fileRef = 3866A5F8192DDEBF003EBA23 /* main0104gray@2x.png */; };
		3866A609192DDEBF003EBA23 /* main0104gray@2x.png in Resources */ = {isa = PBXBuildFile; fileRef = 3866A5F8192DDEBF003EBA23 /* main0104gray@2x.png */; };
		3866A60A192DDEBF003EBA23 /* main0103gray@2x.png in Resources */ = {isa = PBXBuildFile; fileRef = 3866A5F9192DDEBF003EBA23 /* main0103gray@2x.png */; };
		3866A60B192DDEBF003EBA23 /* main0103gray@2x.png in Resources */ = {isa = PBXBuildFile; fileRef = 3866A5F9192DDEBF003EBA23 /* main0103gray@2x.png */; };
		3866A60C192DDEBF003EBA23 /* main0102gray@2x.png in Resources */ = {isa = PBXBuildFile; fileRef = 3866A5FA192DDEBF003EBA23 /* main0102gray@2x.png */; };
		3866A60D192DDEBF003EBA23 /* main0102gray@2x.png in Resources */ = {isa = PBXBuildFile; fileRef = 3866A5FA192DDEBF003EBA23 /* main0102gray@2x.png */; };
		3866A60E192DDEBF003EBA23 /* main0105gray@2x.png in Resources */ = {isa = PBXBuildFile; fileRef = 3866A5FB192DDEBF003EBA23 /* main0105gray@2x.png */; };
		3866A60F192DDEBF003EBA23 /* main0105gray@2x.png in Resources */ = {isa = PBXBuildFile; fileRef = 3866A5FB192DDEBF003EBA23 /* main0105gray@2x.png */; };
		3866A61A192DDFDF003EBA23 /* iphone_main_02_0101.png in Resources */ = {isa = PBXBuildFile; fileRef = 3866A611192DDFDF003EBA23 /* iphone_main_02_0101.png */; };
		3866A61B192DDFDF003EBA23 /* iphone_main_02_0101.png in Resources */ = {isa = PBXBuildFile; fileRef = 3866A611192DDFDF003EBA23 /* iphone_main_02_0101.png */; };
		3866A61C192DDFDF003EBA23 /* iphone_main_02_0102.png in Resources */ = {isa = PBXBuildFile; fileRef = 3866A612192DDFDF003EBA23 /* iphone_main_02_0102.png */; };
		3866A61D192DDFDF003EBA23 /* iphone_main_02_0102.png in Resources */ = {isa = PBXBuildFile; fileRef = 3866A612192DDFDF003EBA23 /* iphone_main_02_0102.png */; };
		3866A61E192DDFDF003EBA23 /* iphone_main_02_0103.png in Resources */ = {isa = PBXBuildFile; fileRef = 3866A613192DDFDF003EBA23 /* iphone_main_02_0103.png */; };
		3866A61F192DDFDF003EBA23 /* iphone_main_02_0103.png in Resources */ = {isa = PBXBuildFile; fileRef = 3866A613192DDFDF003EBA23 /* iphone_main_02_0103.png */; };
		3866A620192DDFDF003EBA23 /* iphone_main_02_0104.png in Resources */ = {isa = PBXBuildFile; fileRef = 3866A614192DDFDF003EBA23 /* iphone_main_02_0104.png */; };
		3866A621192DDFDF003EBA23 /* iphone_main_02_0104.png in Resources */ = {isa = PBXBuildFile; fileRef = 3866A614192DDFDF003EBA23 /* iphone_main_02_0104.png */; };
		3866A622192DDFDF003EBA23 /* iphone_main_02_0105.png in Resources */ = {isa = PBXBuildFile; fileRef = 3866A615192DDFDF003EBA23 /* iphone_main_02_0105.png */; };
		3866A623192DDFDF003EBA23 /* iphone_main_02_0105.png in Resources */ = {isa = PBXBuildFile; fileRef = 3866A615192DDFDF003EBA23 /* iphone_main_02_0105.png */; };
		3866A624192DDFDF003EBA23 /* iphone_main_02_0106.png in Resources */ = {isa = PBXBuildFile; fileRef = 3866A616192DDFDF003EBA23 /* iphone_main_02_0106.png */; };
		3866A625192DDFDF003EBA23 /* iphone_main_02_0106.png in Resources */ = {isa = PBXBuildFile; fileRef = 3866A616192DDFDF003EBA23 /* iphone_main_02_0106.png */; };
		3866A626192DDFDF003EBA23 /* iphone_main_02_bg.png in Resources */ = {isa = PBXBuildFile; fileRef = 3866A617192DDFDF003EBA23 /* iphone_main_02_bg.png */; };
		3866A627192DDFDF003EBA23 /* iphone_main_02_bg.png in Resources */ = {isa = PBXBuildFile; fileRef = 3866A617192DDFDF003EBA23 /* iphone_main_02_bg.png */; };
		3866A628192DDFDF003EBA23 /* iphone_main_01_user_ico.png in Resources */ = {isa = PBXBuildFile; fileRef = 3866A618192DDFDF003EBA23 /* iphone_main_01_user_ico.png */; };
		3866A629192DDFDF003EBA23 /* iphone_main_01_user_ico.png in Resources */ = {isa = PBXBuildFile; fileRef = 3866A618192DDFDF003EBA23 /* iphone_main_01_user_ico.png */; };
		3866A62A192DDFDF003EBA23 /* iphone_main_01_bg.png in Resources */ = {isa = PBXBuildFile; fileRef = 3866A619192DDFDF003EBA23 /* iphone_main_01_bg.png */; };
		3866A62B192DDFDF003EBA23 /* iphone_main_01_bg.png in Resources */ = {isa = PBXBuildFile; fileRef = 3866A619192DDFDF003EBA23 /* iphone_main_01_bg.png */; };
		3866A62E192DEBA4003EBA23 /* nav_bgs.png in Resources */ = {isa = PBXBuildFile; fileRef = 3866A62C192DEBA4003EBA23 /* nav_bgs.png */; };
		3866A62F192DEBA4003EBA23 /* nav_bgs.png in Resources */ = {isa = PBXBuildFile; fileRef = 3866A62C192DEBA4003EBA23 /* nav_bgs.png */; };
		3866A630192DEBA4003EBA23 /* nav_bg_ios6s.png in Resources */ = {isa = PBXBuildFile; fileRef = 3866A62D192DEBA4003EBA23 /* nav_bg_ios6s.png */; };
		3866A631192DEBA4003EBA23 /* nav_bg_ios6s.png in Resources */ = {isa = PBXBuildFile; fileRef = 3866A62D192DEBA4003EBA23 /* nav_bg_ios6s.png */; };
		3866A634192DECD2003EBA23 /* ThreeViewController.m in Sources */ = {isa = PBXBuildFile; fileRef = 3866A633192DECD2003EBA23 /* ThreeViewController.m */; };
		3866A635192DECD2003EBA23 /* ThreeViewController.m in Sources */ = {isa = PBXBuildFile; fileRef = 3866A633192DECD2003EBA23 /* ThreeViewController.m */; };
		3866A638192DECF4003EBA23 /* FourViewController.m in Sources */ = {isa = PBXBuildFile; fileRef = 3866A637192DECF4003EBA23 /* FourViewController.m */; };
		3866A639192DECF4003EBA23 /* FourViewController.m in Sources */ = {isa = PBXBuildFile; fileRef = 3866A637192DECF4003EBA23 /* FourViewController.m */; };
		3866A63C192DED06003EBA23 /* FiveViewController.m in Sources */ = {isa = PBXBuildFile; fileRef = 3866A63B192DED06003EBA23 /* FiveViewController.m */; };
		3866A63D192DED06003EBA23 /* FiveViewController.m in Sources */ = {isa = PBXBuildFile; fileRef = 3866A63B192DED06003EBA23 /* FiveViewController.m */; };
		388EE3A0194EF41200F13CE6 /* SKSTableView.m in Sources */ = {isa = PBXBuildFile; fileRef = 388EE399194EF41200F13CE6 /* SKSTableView.m */; };
		388EE3A1194EF41200F13CE6 /* SKSTableView.m in Sources */ = {isa = PBXBuildFile; fileRef = 388EE399194EF41200F13CE6 /* SKSTableView.m */; };
		388EE3A2194EF41200F13CE6 /* SKSTableViewCell.m in Sources */ = {isa = PBXBuildFile; fileRef = 388EE39B194EF41200F13CE6 /* SKSTableViewCell.m */; };
		388EE3A3194EF41200F13CE6 /* SKSTableViewCell.m in Sources */ = {isa = PBXBuildFile; fileRef = 388EE39B194EF41200F13CE6 /* SKSTableViewCell.m */; };
		388EE3A4194EF41200F13CE6 /* SKSTableViewCellIndicator.m in Sources */ = {isa = PBXBuildFile; fileRef = 388EE39D194EF41200F13CE6 /* SKSTableViewCellIndicator.m */; };
		388EE3A5194EF41200F13CE6 /* SKSTableViewCellIndicator.m in Sources */ = {isa = PBXBuildFile; fileRef = 388EE39D194EF41200F13CE6 /* SKSTableViewCellIndicator.m */; };
		388EE3A6194EF41200F13CE6 /* expandableImage.png in Resources */ = {isa = PBXBuildFile; fileRef = 388EE39E194EF41200F13CE6 /* expandableImage.png */; };
		388EE3A7194EF41200F13CE6 /* expandableImage.png in Resources */ = {isa = PBXBuildFile; fileRef = 388EE39E194EF41200F13CE6 /* expandableImage.png */; };
		388EE3A8194EF41200F13CE6 /* expandableImage@2x.png in Resources */ = {isa = PBXBuildFile; fileRef = 388EE39F194EF41200F13CE6 /* expandableImage@2x.png */; };
		388EE3A9194EF41200F13CE6 /* expandableImage@2x.png in Resources */ = {isa = PBXBuildFile; fileRef = 388EE39F194EF41200F13CE6 /* expandableImage@2x.png */; };
		38D5787C1951612C00C0C8D0 /* SettingTableViewCell.m in Sources */ = {isa = PBXBuildFile; fileRef = 38D5787A1951612C00C0C8D0 /* SettingTableViewCell.m */; };
		38D5787D1951612C00C0C8D0 /* SettingTableViewCell.m in Sources */ = {isa = PBXBuildFile; fileRef = 38D5787A1951612C00C0C8D0 /* SettingTableViewCell.m */; };
		38D5787E1951612C00C0C8D0 /* SettingTableViewCell.xib in Resources */ = {isa = PBXBuildFile; fileRef = 38D5787B1951612C00C0C8D0 /* SettingTableViewCell.xib */; };
		38D5787F1951612C00C0C8D0 /* SettingTableViewCell.xib in Resources */ = {isa = PBXBuildFile; fileRef = 38D5787B1951612C00C0C8D0 /* SettingTableViewCell.xib */; };
		38D5788B1951616A00C0C8D0 /* setting_backIcon@2x.png in Resources */ = {isa = PBXBuildFile; fileRef = 38D578811951616A00C0C8D0 /* setting_backIcon@2x.png */; };
		38D5788C1951616A00C0C8D0 /* setting_backIcon@2x.png in Resources */ = {isa = PBXBuildFile; fileRef = 38D578811951616A00C0C8D0 /* setting_backIcon@2x.png */; };
		38D5788D1951616A00C0C8D0 /* setting_about@2x.png in Resources */ = {isa = PBXBuildFile; fileRef = 38D578821951616A00C0C8D0 /* setting_about@2x.png */; };
		38D5788E1951616A00C0C8D0 /* setting_about@2x.png in Resources */ = {isa = PBXBuildFile; fileRef = 38D578821951616A00C0C8D0 /* setting_about@2x.png */; };
		38D5788F1951616A00C0C8D0 /* setting_clean@2x.png in Resources */ = {isa = PBXBuildFile; fileRef = 38D578831951616A00C0C8D0 /* setting_clean@2x.png */; };
		38D578901951616A00C0C8D0 /* setting_clean@2x.png in Resources */ = {isa = PBXBuildFile; fileRef = 38D578831951616A00C0C8D0 /* setting_clean@2x.png */; };
		38D578911951616A00C0C8D0 /* setting_faq@2x.png in Resources */ = {isa = PBXBuildFile; fileRef = 38D578841951616A00C0C8D0 /* setting_faq@2x.png */; };
		38D578921951616A00C0C8D0 /* setting_faq@2x.png in Resources */ = {isa = PBXBuildFile; fileRef = 38D578841951616A00C0C8D0 /* setting_faq@2x.png */; };
		38D578931951616A00C0C8D0 /* setting_feedback@2x.png in Resources */ = {isa = PBXBuildFile; fileRef = 38D578851951616A00C0C8D0 /* setting_feedback@2x.png */; };
		38D578941951616A00C0C8D0 /* setting_feedback@2x.png in Resources */ = {isa = PBXBuildFile; fileRef = 38D578851951616A00C0C8D0 /* setting_feedback@2x.png */; };
		38D578951951616A00C0C8D0 /* setting_rate@2x.png in Resources */ = {isa = PBXBuildFile; fileRef = 38D578861951616A00C0C8D0 /* setting_rate@2x.png */; };
		38D578961951616A00C0C8D0 /* setting_rate@2x.png in Resources */ = {isa = PBXBuildFile; fileRef = 38D578861951616A00C0C8D0 /* setting_rate@2x.png */; };
		38D578971951616A00C0C8D0 /* setting_share@2x.png in Resources */ = {isa = PBXBuildFile; fileRef = 38D578871951616A00C0C8D0 /* setting_share@2x.png */; };
		38D578981951616A00C0C8D0 /* setting_share@2x.png in Resources */ = {isa = PBXBuildFile; fileRef = 38D578871951616A00C0C8D0 /* setting_share@2x.png */; };
		38D578991951616A00C0C8D0 /* setting_version@2x.png in Resources */ = {isa = PBXBuildFile; fileRef = 38D578881951616A00C0C8D0 /* setting_version@2x.png */; };
		38D5789A1951616A00C0C8D0 /* setting_version@2x.png in Resources */ = {isa = PBXBuildFile; fileRef = 38D578881951616A00C0C8D0 /* setting_version@2x.png */; };
		38D5789B1951616A00C0C8D0 /* setting_vip@2x.png in Resources */ = {isa = PBXBuildFile; fileRef = 38D578891951616A00C0C8D0 /* setting_vip@2x.png */; };
		38D5789C1951616A00C0C8D0 /* setting_vip@2x.png in Resources */ = {isa = PBXBuildFile; fileRef = 38D578891951616A00C0C8D0 /* setting_vip@2x.png */; };
		38D5789D1951616A00C0C8D0 /* setting_weibo@2x.png in Resources */ = {isa = PBXBuildFile; fileRef = 38D5788A1951616A00C0C8D0 /* setting_weibo@2x.png */; };
		38D5789E1951616A00C0C8D0 /* setting_weibo@2x.png in Resources */ = {isa = PBXBuildFile; fileRef = 38D5788A1951616A00C0C8D0 /* setting_weibo@2x.png */; };
		38D578AB195167BA00C0C8D0 /* MJRefresh.bundle in Resources */ = {isa = PBXBuildFile; fileRef = 38D578A1195167BA00C0C8D0 /* MJRefresh.bundle */; };
		38D578AC195167BA00C0C8D0 /* MJRefresh.bundle in Resources */ = {isa = PBXBuildFile; fileRef = 38D578A1195167BA00C0C8D0 /* MJRefresh.bundle */; };
		38D578AD195167BA00C0C8D0 /* MJRefreshBaseView.m in Sources */ = {isa = PBXBuildFile; fileRef = 38D578A4195167BA00C0C8D0 /* MJRefreshBaseView.m */; };
		38D578AE195167BA00C0C8D0 /* MJRefreshBaseView.m in Sources */ = {isa = PBXBuildFile; fileRef = 38D578A4195167BA00C0C8D0 /* MJRefreshBaseView.m */; };
		38D578AF195167BA00C0C8D0 /* MJRefreshConst.m in Sources */ = {isa = PBXBuildFile; fileRef = 38D578A6195167BA00C0C8D0 /* MJRefreshConst.m */; };
		38D578B0195167BA00C0C8D0 /* MJRefreshConst.m in Sources */ = {isa = PBXBuildFile; fileRef = 38D578A6195167BA00C0C8D0 /* MJRefreshConst.m */; };
		38D578B1195167BA00C0C8D0 /* MJRefreshFooterView.m in Sources */ = {isa = PBXBuildFile; fileRef = 38D578A8195167BA00C0C8D0 /* MJRefreshFooterView.m */; };
		38D578B2195167BA00C0C8D0 /* MJRefreshFooterView.m in Sources */ = {isa = PBXBuildFile; fileRef = 38D578A8195167BA00C0C8D0 /* MJRefreshFooterView.m */; };
		38D578B3195167BA00C0C8D0 /* MJRefreshHeaderView.m in Sources */ = {isa = PBXBuildFile; fileRef = 38D578AA195167BA00C0C8D0 /* MJRefreshHeaderView.m */; };
		38D578B4195167BA00C0C8D0 /* MJRefreshHeaderView.m in Sources */ = {isa = PBXBuildFile; fileRef = 38D578AA195167BA00C0C8D0 /* MJRefreshHeaderView.m */; };
		38D578B7195167C400C0C8D0 /* JSONKit.m in Sources */ = {isa = PBXBuildFile; fileRef = 38D578B6195167C400C0C8D0 /* JSONKit.m */; settings = {COMPILER_FLAGS = "-fno-objc-arc"; }; };
		38D578B8195167C400C0C8D0 /* JSONKit.m in Sources */ = {isa = PBXBuildFile; fileRef = 38D578B6195167C400C0C8D0 /* JSONKit.m */; };
		38D578BC19516F3400C0C8D0 /* setting_yhgrsz@2x.png in Resources */ = {isa = PBXBuildFile; fileRef = 38D578B919516F3400C0C8D0 /* setting_yhgrsz@2x.png */; };
		38D578BD19516F3400C0C8D0 /* setting_yhgrsz@2x.png in Resources */ = {isa = PBXBuildFile; fileRef = 38D578B919516F3400C0C8D0 /* setting_yhgrsz@2x.png */; };
		38D578BE19516F3400C0C8D0 /* setting_yhqysz@2x.png in Resources */ = {isa = PBXBuildFile; fileRef = 38D578BA19516F3400C0C8D0 /* setting_yhqysz@2x.png */; };
		38D578BF19516F3400C0C8D0 /* setting_yhqysz@2x.png in Resources */ = {isa = PBXBuildFile; fileRef = 38D578BA19516F3400C0C8D0 /* setting_yhqysz@2x.png */; };
		38D578C019516F3400C0C8D0 /* setting_yqhzhb@2x.png in Resources */ = {isa = PBXBuildFile; fileRef = 38D578BB19516F3400C0C8D0 /* setting_yqhzhb@2x.png */; };
		38D578C119516F3400C0C8D0 /* setting_yqhzhb@2x.png in Resources */ = {isa = PBXBuildFile; fileRef = 38D578BB19516F3400C0C8D0 /* setting_yqhzhb@2x.png */; };
/* End PBXBuildFile section */

/* Begin PBXContainerItemProxy section */
		3866A5DE192DDB4F003EBA23 /* PBXContainerItemProxy */ = {
			isa = PBXContainerItemProxy;
			containerPortal = 3866A5AD192DDB4F003EBA23 /* Project object */;
			proxyType = 1;
			remoteGlobalIDString = 3866A5B4192DDB4F003EBA23;
			remoteInfo = shangjiayi;
		};
/* End PBXContainerItemProxy section */

/* Begin PBXFileReference section */
		381290DC19500BEA00BE646D /* AddressListCellSubTableViewCell.h */ = {isa = PBXFileReference; fileEncoding = 4; lastKnownFileType = sourcecode.c.h; path = AddressListCellSubTableViewCell.h; sourceTree = "<group>"; };
		381290DD19500BEA00BE646D /* AddressListCellSubTableViewCell.m */ = {isa = PBXFileReference; fileEncoding = 4; lastKnownFileType = sourcecode.c.objc; path = AddressListCellSubTableViewCell.m; sourceTree = "<group>"; };
		381290DE19500BEA00BE646D /* AddressListCellSubTableViewCell.xib */ = {isa = PBXFileReference; fileEncoding = 4; lastKnownFileType = file.xib; path = AddressListCellSubTableViewCell.xib; sourceTree = "<group>"; };
		381290E519500D3100BE646D /* mobile.png */ = {isa = PBXFileReference; lastKnownFileType = image.png; path = mobile.png; sourceTree = "<group>"; };
		381290E819500D3C00BE646D /* pc.png */ = {isa = PBXFileReference; lastKnownFileType = image.png; path = pc.png; sourceTree = "<group>"; };
		381290E919500D3C00BE646D /* phone.png */ = {isa = PBXFileReference; lastKnownFileType = image.png; path = phone.png; sourceTree = "<group>"; };
		381290EF19501B5D00BE646D /* ico_color01.png */ = {isa = PBXFileReference; lastKnownFileType = image.png; path = ico_color01.png; sourceTree = "<group>"; };
		381290F019501B5D00BE646D /* ico_color01s.png */ = {isa = PBXFileReference; lastKnownFileType = image.png; path = ico_color01s.png; sourceTree = "<group>"; };
		381290F119501B5D00BE646D /* ico_color02.png */ = {isa = PBXFileReference; lastKnownFileType = image.png; path = ico_color02.png; sourceTree = "<group>"; };
		381290F219501B5D00BE646D /* ico_color02s.png */ = {isa = PBXFileReference; lastKnownFileType = image.png; path = ico_color02s.png; sourceTree = "<group>"; };
		381290F319501B5D00BE646D /* ico_color03.png */ = {isa = PBXFileReference; lastKnownFileType = image.png; path = ico_color03.png; sourceTree = "<group>"; };
		381290F419501B5D00BE646D /* ico_color03s.png */ = {isa = PBXFileReference; lastKnownFileType = image.png; path = ico_color03s.png; sourceTree = "<group>"; };
		381290F519501B5D00BE646D /* ico_color04.png */ = {isa = PBXFileReference; lastKnownFileType = image.png; path = ico_color04.png; sourceTree = "<group>"; };
		381290F619501B5D00BE646D /* ico_color04s.png */ = {isa = PBXFileReference; lastKnownFileType = image.png; path = ico_color04s.png; sourceTree = "<group>"; };
		381290F719501B5D00BE646D /* ico_color05.png */ = {isa = PBXFileReference; lastKnownFileType = image.png; path = ico_color05.png; sourceTree = "<group>"; };
		381290F819501B5D00BE646D /* ico_color05s.png */ = {isa = PBXFileReference; lastKnownFileType = image.png; path = ico_color05s.png; sourceTree = "<group>"; };
		381290F919501B5D00BE646D /* ico_color06.png */ = {isa = PBXFileReference; lastKnownFileType = image.png; path = ico_color06.png; sourceTree = "<group>"; };
		381290FA19501B5D00BE646D /* ico_color06s.png */ = {isa = PBXFileReference; lastKnownFileType = image.png; path = ico_color06s.png; sourceTree = "<group>"; };
		381290FB19501B5D00BE646D /* ico_color07.png */ = {isa = PBXFileReference; lastKnownFileType = image.png; path = ico_color07.png; sourceTree = "<group>"; };
		381290FC19501B5D00BE646D /* ico_color07s.png */ = {isa = PBXFileReference; lastKnownFileType = image.png; path = ico_color07s.png; sourceTree = "<group>"; };
		381290FD19501B5D00BE646D /* ico_color08.png */ = {isa = PBXFileReference; lastKnownFileType = image.png; path = ico_color08.png; sourceTree = "<group>"; };
		381290FE19501B5D00BE646D /* ico_color08s.png */ = {isa = PBXFileReference; lastKnownFileType = image.png; path = ico_color08s.png; sourceTree = "<group>"; };
		381290FF19501B5D00BE646D /* ico_color09.png */ = {isa = PBXFileReference; lastKnownFileType = image.png; path = ico_color09.png; sourceTree = "<group>"; };
		3812910019501B5D00BE646D /* ico_color09s.png */ = {isa = PBXFileReference; lastKnownFileType = image.png; path = ico_color09s.png; sourceTree = "<group>"; };
		3812910119501B5D00BE646D /* ico_color10.png */ = {isa = PBXFileReference; lastKnownFileType = image.png; path = ico_color10.png; sourceTree = "<group>"; };
		3812910219501B5D00BE646D /* ico_color10s.png */ = {isa = PBXFileReference; lastKnownFileType = image.png; path = ico_color10s.png; sourceTree = "<group>"; };
		3812910319501B5D00BE646D /* ico_color11.png */ = {isa = PBXFileReference; lastKnownFileType = image.png; path = ico_color11.png; sourceTree = "<group>"; };
		3812910419501B5D00BE646D /* ico_color11s.png */ = {isa = PBXFileReference; lastKnownFileType = image.png; path = ico_color11s.png; sourceTree = "<group>"; };
		3812910519501B5D00BE646D /* ico_color12.png */ = {isa = PBXFileReference; lastKnownFileType = image.png; path = ico_color12.png; sourceTree = "<group>"; };
		3812910619501B5D00BE646D /* ico_color12s.png */ = {isa = PBXFileReference; lastKnownFileType = image.png; path = ico_color12s.png; sourceTree = "<group>"; };
		3812913719501E7200BE646D /* ico_white01.png */ = {isa = PBXFileReference; lastKnownFileType = image.png; path = ico_white01.png; sourceTree = "<group>"; };
		3812913819501E7200BE646D /* ico_white02.png */ = {isa = PBXFileReference; lastKnownFileType = image.png; path = ico_white02.png; sourceTree = "<group>"; };
		3812913919501E7200BE646D /* ico_white03.png */ = {isa = PBXFileReference; lastKnownFileType = image.png; path = ico_white03.png; sourceTree = "<group>"; };
		3812913A19501E7200BE646D /* ico_white04.png */ = {isa = PBXFileReference; lastKnownFileType = image.png; path = ico_white04.png; sourceTree = "<group>"; };
		3812913B19501E7200BE646D /* ico_white05.png */ = {isa = PBXFileReference; lastKnownFileType = image.png; path = ico_white05.png; sourceTree = "<group>"; };
		3812913C19501E7200BE646D /* ico_white06.png */ = {isa = PBXFileReference; lastKnownFileType = image.png; path = ico_white06.png; sourceTree = "<group>"; };
		3812913D19501E7200BE646D /* ico_white07.png */ = {isa = PBXFileReference; lastKnownFileType = image.png; path = ico_white07.png; sourceTree = "<group>"; };
		3812914D195022FD00BE646D /* start29_29.png */ = {isa = PBXFileReference; lastKnownFileType = image.png; path = start29_29.png; sourceTree = "<group>"; };
		3812914E195022FD00BE646D /* start72_72.png */ = {isa = PBXFileReference; lastKnownFileType = image.png; path = start72_72.png; sourceTree = "<group>"; };
		3812914F195022FD00BE646D /* start80x80.png */ = {isa = PBXFileReference; lastKnownFileType = image.png; path = start80x80.png; sourceTree = "<group>"; };
		38129150195022FD00BE646D /* start114_114.png */ = {isa = PBXFileReference; lastKnownFileType = image.png; path = start114_114.png; sourceTree = "<group>"; };
		38129151195022FD00BE646D /* start120_120.png */ = {isa = PBXFileReference; lastKnownFileType = image.png; path = start120_120.png; sourceTree = "<group>"; };
		3812915C1950231100BE646D /* main_640_1136.png */ = {isa = PBXFileReference; lastKnownFileType = image.png; path = main_640_1136.png; sourceTree = "<group>"; };
		3812915F1950239900BE646D /* start57_57.png */ = {isa = PBXFileReference; lastKnownFileType = image.png; path = start57_57.png; sourceTree = "<group>"; };
		381291601950239900BE646D /* start58_58.png */ = {isa = PBXFileReference; lastKnownFileType = image.png; path = start58_58.png; sourceTree = "<group>"; };
		381291651950241700BE646D /* main_640_960.png */ = {isa = PBXFileReference; lastKnownFileType = image.png; path = main_640_960.png; sourceTree = "<group>"; };
		381291661950241700BE646D /* main_320_480.png */ = {isa = PBXFileReference; lastKnownFileType = image.png; path = main_320_480.png; sourceTree = "<group>"; };
		3866A5B5192DDB4F003EBA23 /* shangjiayi.app */ = {isa = PBXFileReference; explicitFileType = wrapper.application; includeInIndex = 0; path = shangjiayi.app; sourceTree = BUILT_PRODUCTS_DIR; };
		3866A5B8192DDB4F003EBA23 /* Foundation.framework */ = {isa = PBXFileReference; lastKnownFileType = wrapper.framework; name = Foundation.framework; path = System/Library/Frameworks/Foundation.framework; sourceTree = SDKROOT; };
		3866A5BA192DDB4F003EBA23 /* CoreGraphics.framework */ = {isa = PBXFileReference; lastKnownFileType = wrapper.framework; name = CoreGraphics.framework; path = System/Library/Frameworks/CoreGraphics.framework; sourceTree = SDKROOT; };
		3866A5BC192DDB4F003EBA23 /* UIKit.framework */ = {isa = PBXFileReference; lastKnownFileType = wrapper.framework; name = UIKit.framework; path = System/Library/Frameworks/UIKit.framework; sourceTree = SDKROOT; };
		3866A5C0192DDB4F003EBA23 /* shangjiayi-Info.plist */ = {isa = PBXFileReference; lastKnownFileType = text.plist.xml; path = "shangjiayi-Info.plist"; sourceTree = "<group>"; };
		3866A5C2192DDB4F003EBA23 /* en */ = {isa = PBXFileReference; lastKnownFileType = text.plist.strings; name = en; path = en.lproj/InfoPlist.strings; sourceTree = "<group>"; };
		3866A5C4192DDB4F003EBA23 /* main.m */ = {isa = PBXFileReference; lastKnownFileType = sourcecode.c.objc; path = main.m; sourceTree = "<group>"; };
		3866A5C6192DDB4F003EBA23 /* shangjiayi-Prefix.pch */ = {isa = PBXFileReference; lastKnownFileType = sourcecode.c.h; path = "shangjiayi-Prefix.pch"; sourceTree = "<group>"; };
		3866A5C7192DDB4F003EBA23 /* AppDelegate.h */ = {isa = PBXFileReference; lastKnownFileType = sourcecode.c.h; path = AppDelegate.h; sourceTree = "<group>"; };
		3866A5C8192DDB4F003EBA23 /* AppDelegate.m */ = {isa = PBXFileReference; lastKnownFileType = sourcecode.c.objc; path = AppDelegate.m; sourceTree = "<group>"; };
		3866A5CB192DDB4F003EBA23 /* Base */ = {isa = PBXFileReference; lastKnownFileType = file.storyboard; name = Base; path = Base.lproj/Main.storyboard; sourceTree = "<group>"; };
		3866A5CD192DDB4F003EBA23 /* FirstViewController.h */ = {isa = PBXFileReference; lastKnownFileType = sourcecode.c.h; path = FirstViewController.h; sourceTree = "<group>"; };
		3866A5CE192DDB4F003EBA23 /* FirstViewController.m */ = {isa = PBXFileReference; lastKnownFileType = sourcecode.c.objc; path = FirstViewController.m; sourceTree = "<group>"; };
		3866A5D0192DDB4F003EBA23 /* SecondViewController.h */ = {isa = PBXFileReference; lastKnownFileType = sourcecode.c.h; path = SecondViewController.h; sourceTree = "<group>"; };
		3866A5D1192DDB4F003EBA23 /* SecondViewController.m */ = {isa = PBXFileReference; lastKnownFileType = sourcecode.c.objc; path = SecondViewController.m; sourceTree = "<group>"; };
		3866A5D3192DDB4F003EBA23 /* Images.xcassets */ = {isa = PBXFileReference; lastKnownFileType = folder.assetcatalog; path = Images.xcassets; sourceTree = "<group>"; };
		3866A5D9192DDB4F003EBA23 /* shangjiayiTests.xctest */ = {isa = PBXFileReference; explicitFileType = wrapper.cfbundle; includeInIndex = 0; path = shangjiayiTests.xctest; sourceTree = BUILT_PRODUCTS_DIR; };
		3866A5DA192DDB4F003EBA23 /* XCTest.framework */ = {isa = PBXFileReference; lastKnownFileType = wrapper.framework; name = XCTest.framework; path = Library/Frameworks/XCTest.framework; sourceTree = DEVELOPER_DIR; };
		3866A5E2192DDB4F003EBA23 /* shangjiayiTests-Info.plist */ = {isa = PBXFileReference; lastKnownFileType = text.plist.xml; path = "shangjiayiTests-Info.plist"; sourceTree = "<group>"; };
		3866A5E4192DDB4F003EBA23 /* en */ = {isa = PBXFileReference; lastKnownFileType = text.plist.strings; name = en; path = en.lproj/InfoPlist.strings; sourceTree = "<group>"; };
		3866A5E6192DDB4F003EBA23 /* shangjiayiTests.m */ = {isa = PBXFileReference; lastKnownFileType = sourcecode.c.objc; path = shangjiayiTests.m; sourceTree = "<group>"; };
		3866A5F2192DDEBF003EBA23 /* main0104white@2x.png */ = {isa = PBXFileReference; lastKnownFileType = image.png; path = "main0104white@2x.png"; sourceTree = "<group>"; };
		3866A5F3192DDEBF003EBA23 /* main0103white@2x.png */ = {isa = PBXFileReference; lastKnownFileType = image.png; path = "main0103white@2x.png"; sourceTree = "<group>"; };
		3866A5F4192DDEBF003EBA23 /* main0102white@2x.png */ = {isa = PBXFileReference; lastKnownFileType = image.png; path = "main0102white@2x.png"; sourceTree = "<group>"; };
		3866A5F5192DDEBF003EBA23 /* main0105white@2x.png */ = {isa = PBXFileReference; lastKnownFileType = image.png; path = "main0105white@2x.png"; sourceTree = "<group>"; };
		3866A5F6192DDEBF003EBA23 /* main0101white@2x.png */ = {isa = PBXFileReference; lastKnownFileType = image.png; path = "main0101white@2x.png"; sourceTree = "<group>"; };
		3866A5F7192DDEBF003EBA23 /* main0101gray@2x.png */ = {isa = PBXFileReference; lastKnownFileType = image.png; path = "main0101gray@2x.png"; sourceTree = "<group>"; };
		3866A5F8192DDEBF003EBA23 /* main0104gray@2x.png */ = {isa = PBXFileReference; lastKnownFileType = image.png; path = "main0104gray@2x.png"; sourceTree = "<group>"; };
		3866A5F9192DDEBF003EBA23 /* main0103gray@2x.png */ = {isa = PBXFileReference; lastKnownFileType = image.png; path = "main0103gray@2x.png"; sourceTree = "<group>"; };
		3866A5FA192DDEBF003EBA23 /* main0102gray@2x.png */ = {isa = PBXFileReference; lastKnownFileType = image.png; path = "main0102gray@2x.png"; sourceTree = "<group>"; };
		3866A5FB192DDEBF003EBA23 /* main0105gray@2x.png */ = {isa = PBXFileReference; lastKnownFileType = image.png; path = "main0105gray@2x.png"; sourceTree = "<group>"; };
		3866A611192DDFDF003EBA23 /* iphone_main_02_0101.png */ = {isa = PBXFileReference; lastKnownFileType = image.png; path = iphone_main_02_0101.png; sourceTree = "<group>"; };
		3866A612192DDFDF003EBA23 /* iphone_main_02_0102.png */ = {isa = PBXFileReference; lastKnownFileType = image.png; path = iphone_main_02_0102.png; sourceTree = "<group>"; };
		3866A613192DDFDF003EBA23 /* iphone_main_02_0103.png */ = {isa = PBXFileReference; lastKnownFileType = image.png; path = iphone_main_02_0103.png; sourceTree = "<group>"; };
		3866A614192DDFDF003EBA23 /* iphone_main_02_0104.png */ = {isa = PBXFileReference; lastKnownFileType = image.png; path = iphone_main_02_0104.png; sourceTree = "<group>"; };
		3866A615192DDFDF003EBA23 /* iphone_main_02_0105.png */ = {isa = PBXFileReference; lastKnownFileType = image.png; path = iphone_main_02_0105.png; sourceTree = "<group>"; };
		3866A616192DDFDF003EBA23 /* iphone_main_02_0106.png */ = {isa = PBXFileReference; lastKnownFileType = image.png; path = iphone_main_02_0106.png; sourceTree = "<group>"; };
		3866A617192DDFDF003EBA23 /* iphone_main_02_bg.png */ = {isa = PBXFileReference; lastKnownFileType = image.png; path = iphone_main_02_bg.png; sourceTree = "<group>"; };
		3866A618192DDFDF003EBA23 /* iphone_main_01_user_ico.png */ = {isa = PBXFileReference; lastKnownFileType = image.png; path = iphone_main_01_user_ico.png; sourceTree = "<group>"; };
		3866A619192DDFDF003EBA23 /* iphone_main_01_bg.png */ = {isa = PBXFileReference; lastKnownFileType = image.png; path = iphone_main_01_bg.png; sourceTree = "<group>"; };
		3866A62C192DEBA4003EBA23 /* nav_bgs.png */ = {isa = PBXFileReference; lastKnownFileType = image.png; path = nav_bgs.png; sourceTree = "<group>"; };
		3866A62D192DEBA4003EBA23 /* nav_bg_ios6s.png */ = {isa = PBXFileReference; lastKnownFileType = image.png; path = nav_bg_ios6s.png; sourceTree = "<group>"; };
		3866A632192DECD2003EBA23 /* ThreeViewController.h */ = {isa = PBXFileReference; fileEncoding = 4; lastKnownFileType = sourcecode.c.h; path = ThreeViewController.h; sourceTree = "<group>"; };
		3866A633192DECD2003EBA23 /* ThreeViewController.m */ = {isa = PBXFileReference; fileEncoding = 4; lastKnownFileType = sourcecode.c.objc; path = ThreeViewController.m; sourceTree = "<group>"; };
		3866A636192DECF4003EBA23 /* FourViewController.h */ = {isa = PBXFileReference; fileEncoding = 4; lastKnownFileType = sourcecode.c.h; path = FourViewController.h; sourceTree = "<group>"; };
		3866A637192DECF4003EBA23 /* FourViewController.m */ = {isa = PBXFileReference; fileEncoding = 4; lastKnownFileType = sourcecode.c.objc; path = FourViewController.m; sourceTree = "<group>"; };
		3866A63A192DED06003EBA23 /* FiveViewController.h */ = {isa = PBXFileReference; fileEncoding = 4; lastKnownFileType = sourcecode.c.h; path = FiveViewController.h; sourceTree = "<group>"; };
		3866A63B192DED06003EBA23 /* FiveViewController.m */ = {isa = PBXFileReference; fileEncoding = 4; lastKnownFileType = sourcecode.c.objc; path = FiveViewController.m; sourceTree = "<group>"; };
		388EE398194EF41200F13CE6 /* SKSTableView.h */ = {isa = PBXFileReference; fileEncoding = 4; lastKnownFileType = sourcecode.c.h; path = SKSTableView.h; sourceTree = "<group>"; };
		388EE399194EF41200F13CE6 /* SKSTableView.m */ = {isa = PBXFileReference; fileEncoding = 4; lastKnownFileType = sourcecode.c.objc; path = SKSTableView.m; sourceTree = "<group>"; };
		388EE39A194EF41200F13CE6 /* SKSTableViewCell.h */ = {isa = PBXFileReference; fileEncoding = 4; lastKnownFileType = sourcecode.c.h; path = SKSTableViewCell.h; sourceTree = "<group>"; };
		388EE39B194EF41200F13CE6 /* SKSTableViewCell.m */ = {isa = PBXFileReference; fileEncoding = 4; lastKnownFileType = sourcecode.c.objc; path = SKSTableViewCell.m; sourceTree = "<group>"; };
		388EE39C194EF41200F13CE6 /* SKSTableViewCellIndicator.h */ = {isa = PBXFileReference; fileEncoding = 4; lastKnownFileType = sourcecode.c.h; path = SKSTableViewCellIndicator.h; sourceTree = "<group>"; };
		388EE39D194EF41200F13CE6 /* SKSTableViewCellIndicator.m */ = {isa = PBXFileReference; fileEncoding = 4; lastKnownFileType = sourcecode.c.objc; path = SKSTableViewCellIndicator.m; sourceTree = "<group>"; };
		388EE39E194EF41200F13CE6 /* expandableImage.png */ = {isa = PBXFileReference; lastKnownFileType = image.png; path = expandableImage.png; sourceTree = "<group>"; };
		388EE39F194EF41200F13CE6 /* expandableImage@2x.png */ = {isa = PBXFileReference; lastKnownFileType = image.png; path = "expandableImage@2x.png"; sourceTree = "<group>"; };
		38D578791951612C00C0C8D0 /* SettingTableViewCell.h */ = {isa = PBXFileReference; fileEncoding = 4; lastKnownFileType = sourcecode.c.h; path = SettingTableViewCell.h; sourceTree = "<group>"; };
		38D5787A1951612C00C0C8D0 /* SettingTableViewCell.m */ = {isa = PBXFileReference; fileEncoding = 4; lastKnownFileType = sourcecode.c.objc; path = SettingTableViewCell.m; sourceTree = "<group>"; };
		38D5787B1951612C00C0C8D0 /* SettingTableViewCell.xib */ = {isa = PBXFileReference; fileEncoding = 4; lastKnownFileType = file.xib; path = SettingTableViewCell.xib; sourceTree = "<group>"; };
		38D578811951616A00C0C8D0 /* setting_backIcon@2x.png */ = {isa = PBXFileReference; lastKnownFileType = image.png; path = "setting_backIcon@2x.png"; sourceTree = "<group>"; };
		38D578821951616A00C0C8D0 /* setting_about@2x.png */ = {isa = PBXFileReference; lastKnownFileType = image.png; path = "setting_about@2x.png"; sourceTree = "<group>"; };
		38D578831951616A00C0C8D0 /* setting_clean@2x.png */ = {isa = PBXFileReference; lastKnownFileType = image.png; path = "setting_clean@2x.png"; sourceTree = "<group>"; };
		38D578841951616A00C0C8D0 /* setting_faq@2x.png */ = {isa = PBXFileReference; lastKnownFileType = image.png; path = "setting_faq@2x.png"; sourceTree = "<group>"; };
		38D578851951616A00C0C8D0 /* setting_feedback@2x.png */ = {isa = PBXFileReference; lastKnownFileType = image.png; path = "setting_feedback@2x.png"; sourceTree = "<group>"; };
		38D578861951616A00C0C8D0 /* setting_rate@2x.png */ = {isa = PBXFileReference; lastKnownFileType = image.png; path = "setting_rate@2x.png"; sourceTree = "<group>"; };
		38D578871951616A00C0C8D0 /* setting_share@2x.png */ = {isa = PBXFileReference; lastKnownFileType = image.png; path = "setting_share@2x.png"; sourceTree = "<group>"; };
		38D578881951616A00C0C8D0 /* setting_version@2x.png */ = {isa = PBXFileReference; lastKnownFileType = image.png; path = "setting_version@2x.png"; sourceTree = "<group>"; };
		38D578891951616A00C0C8D0 /* setting_vip@2x.png */ = {isa = PBXFileReference; lastKnownFileType = image.png; path = "setting_vip@2x.png"; sourceTree = "<group>"; };
		38D5788A1951616A00C0C8D0 /* setting_weibo@2x.png */ = {isa = PBXFileReference; lastKnownFileType = image.png; path = "setting_weibo@2x.png"; sourceTree = "<group>"; };
		38D578A1195167BA00C0C8D0 /* MJRefresh.bundle */ = {isa = PBXFileReference; lastKnownFileType = "wrapper.plug-in"; path = MJRefresh.bundle; sourceTree = "<group>"; };
		38D578A2195167BA00C0C8D0 /* MJRefresh.h */ = {isa = PBXFileReference; fileEncoding = 4; lastKnownFileType = sourcecode.c.h; path = MJRefresh.h; sourceTree = "<group>"; };
		38D578A3195167BA00C0C8D0 /* MJRefreshBaseView.h */ = {isa = PBXFileReference; fileEncoding = 4; lastKnownFileType = sourcecode.c.h; path = MJRefreshBaseView.h; sourceTree = "<group>"; };
		38D578A4195167BA00C0C8D0 /* MJRefreshBaseView.m */ = {isa = PBXFileReference; fileEncoding = 4; lastKnownFileType = sourcecode.c.objc; path = MJRefreshBaseView.m; sourceTree = "<group>"; };
		38D578A5195167BA00C0C8D0 /* MJRefreshConst.h */ = {isa = PBXFileReference; fileEncoding = 4; lastKnownFileType = sourcecode.c.h; path = MJRefreshConst.h; sourceTree = "<group>"; };
		38D578A6195167BA00C0C8D0 /* MJRefreshConst.m */ = {isa = PBXFileReference; fileEncoding = 4; lastKnownFileType = sourcecode.c.objc; path = MJRefreshConst.m; sourceTree = "<group>"; };
		38D578A7195167BA00C0C8D0 /* MJRefreshFooterView.h */ = {isa = PBXFileReference; fileEncoding = 4; lastKnownFileType = sourcecode.c.h; path = MJRefreshFooterView.h; sourceTree = "<group>"; };
		38D578A8195167BA00C0C8D0 /* MJRefreshFooterView.m */ = {isa = PBXFileReference; fileEncoding = 4; lastKnownFileType = sourcecode.c.objc; path = MJRefreshFooterView.m; sourceTree = "<group>"; };
		38D578A9195167BA00C0C8D0 /* MJRefreshHeaderView.h */ = {isa = PBXFileReference; fileEncoding = 4; lastKnownFileType = sourcecode.c.h; path = MJRefreshHeaderView.h; sourceTree = "<group>"; };
		38D578AA195167BA00C0C8D0 /* MJRefreshHeaderView.m */ = {isa = PBXFileReference; fileEncoding = 4; lastKnownFileType = sourcecode.c.objc; path = MJRefreshHeaderView.m; sourceTree = "<group>"; };
		38D578B5195167C400C0C8D0 /* JSONKit.h */ = {isa = PBXFileReference; fileEncoding = 4; lastKnownFileType = sourcecode.c.h; path = JSONKit.h; sourceTree = "<group>"; };
		38D578B6195167C400C0C8D0 /* JSONKit.m */ = {isa = PBXFileReference; fileEncoding = 4; lastKnownFileType = sourcecode.c.objc; path = JSONKit.m; sourceTree = "<group>"; };
		38D578B919516F3400C0C8D0 /* setting_yhgrsz@2x.png */ = {isa = PBXFileReference; lastKnownFileType = image.png; path = "setting_yhgrsz@2x.png"; sourceTree = "<group>"; };
		38D578BA19516F3400C0C8D0 /* setting_yhqysz@2x.png */ = {isa = PBXFileReference; lastKnownFileType = image.png; path = "setting_yhqysz@2x.png"; sourceTree = "<group>"; };
		38D578BB19516F3400C0C8D0 /* setting_yqhzhb@2x.png */ = {isa = PBXFileReference; lastKnownFileType = image.png; path = "setting_yqhzhb@2x.png"; sourceTree = "<group>"; };
/* End PBXFileReference section */

/* Begin PBXFrameworksBuildPhase section */
		3866A5B2192DDB4F003EBA23 /* Frameworks */ = {
			isa = PBXFrameworksBuildPhase;
			buildActionMask = 2147483647;
			files = (
				3866A5BB192DDB4F003EBA23 /* CoreGraphics.framework in Frameworks */,
				3866A5BD192DDB4F003EBA23 /* UIKit.framework in Frameworks */,
				3866A5B9192DDB4F003EBA23 /* Foundation.framework in Frameworks */,
			);
			runOnlyForDeploymentPostprocessing = 0;
		};
		3866A5D6192DDB4F003EBA23 /* Frameworks */ = {
			isa = PBXFrameworksBuildPhase;
			buildActionMask = 2147483647;
			files = (
				3866A5DB192DDB4F003EBA23 /* XCTest.framework in Frameworks */,
				3866A5DD192DDB4F003EBA23 /* UIKit.framework in Frameworks */,
				3866A5DC192DDB4F003EBA23 /* Foundation.framework in Frameworks */,
			);
			runOnlyForDeploymentPostprocessing = 0;
		};
/* End PBXFrameworksBuildPhase section */

/* Begin PBXGroup section */
		381290DB19500B6F00BE646D /* AddressList */ = {
			isa = PBXGroup;
			children = (
				381290E319500BF000BE646D /* Cell */,
				3866A632192DECD2003EBA23 /* ThreeViewController.h */,
				3866A633192DECD2003EBA23 /* ThreeViewController.m */,
			);
			name = AddressList;
			sourceTree = "<group>";
		};
		381290E319500BF000BE646D /* Cell */ = {
			isa = PBXGroup;
			children = (
				381290DC19500BEA00BE646D /* AddressListCellSubTableViewCell.h */,
				381290DD19500BEA00BE646D /* AddressListCellSubTableViewCell.m */,
				381290DE19500BEA00BE646D /* AddressListCellSubTableViewCell.xib */,
			);
			name = Cell;
			sourceTree = "<group>";
		};
		381290E419500D2300BE646D /* AddressList */ = {
			isa = PBXGroup;
			children = (
				3812913719501E7200BE646D /* ico_white01.png */,
				3812913819501E7200BE646D /* ico_white02.png */,
				3812913919501E7200BE646D /* ico_white03.png */,
				3812913A19501E7200BE646D /* ico_white04.png */,
				3812913B19501E7200BE646D /* ico_white05.png */,
				3812913C19501E7200BE646D /* ico_white06.png */,
				3812913D19501E7200BE646D /* ico_white07.png */,
				381290EF19501B5D00BE646D /* ico_color01.png */,
				381290F019501B5D00BE646D /* ico_color01s.png */,
				381290F119501B5D00BE646D /* ico_color02.png */,
				381290F219501B5D00BE646D /* ico_color02s.png */,
				381290F319501B5D00BE646D /* ico_color03.png */,
				381290F419501B5D00BE646D /* ico_color03s.png */,
				381290F519501B5D00BE646D /* ico_color04.png */,
				381290F619501B5D00BE646D /* ico_color04s.png */,
				381290F719501B5D00BE646D /* ico_color05.png */,
				381290F819501B5D00BE646D /* ico_color05s.png */,
				381290F919501B5D00BE646D /* ico_color06.png */,
				381290FA19501B5D00BE646D /* ico_color06s.png */,
				381290FB19501B5D00BE646D /* ico_color07.png */,
				381290FC19501B5D00BE646D /* ico_color07s.png */,
				381290FD19501B5D00BE646D /* ico_color08.png */,
				381290FE19501B5D00BE646D /* ico_color08s.png */,
				381290FF19501B5D00BE646D /* ico_color09.png */,
				3812910019501B5D00BE646D /* ico_color09s.png */,
				3812910119501B5D00BE646D /* ico_color10.png */,
				3812910219501B5D00BE646D /* ico_color10s.png */,
				3812910319501B5D00BE646D /* ico_color11.png */,
				3812910419501B5D00BE646D /* ico_color11s.png */,
				3812910519501B5D00BE646D /* ico_color12.png */,
				3812910619501B5D00BE646D /* ico_color12s.png */,
				381290E819500D3C00BE646D /* pc.png */,
				381290E919500D3C00BE646D /* phone.png */,
				381290E519500D3100BE646D /* mobile.png */,
			);
			name = AddressList;
			sourceTree = "<group>";
		};
		381290EE195011C900BE646D /* AllApps */ = {
			isa = PBXGroup;
			children = (
				3866A636192DECF4003EBA23 /* FourViewController.h */,
				3866A637192DECF4003EBA23 /* FourViewController.m */,
			);
			name = AllApps;
			sourceTree = "<group>";
		};
		3812914C195022D700BE646D /* Icon */ = {
			isa = PBXGroup;
			children = (
				3812915F1950239900BE646D /* start57_57.png */,
				381291601950239900BE646D /* start58_58.png */,
				3812915C1950231100BE646D /* main_640_1136.png */,
				381291651950241700BE646D /* main_640_960.png */,
				381291661950241700BE646D /* main_320_480.png */,
				3812914D195022FD00BE646D /* start29_29.png */,
				3812914E195022FD00BE646D /* start72_72.png */,
				3812914F195022FD00BE646D /* start80x80.png */,
				38129150195022FD00BE646D /* start114_114.png */,
				38129151195022FD00BE646D /* start120_120.png */,
			);
			name = Icon;
			sourceTree = "<group>";
		};
		3866A5AC192DDB4F003EBA23 = {
			isa = PBXGroup;
			children = (
				3866A5BE192DDB4F003EBA23 /* shangjiayi */,
				3866A5E0192DDB4F003EBA23 /* shangjiayiTests */,
				3866A5B7192DDB4F003EBA23 /* Frameworks */,
				3866A5B6192DDB4F003EBA23 /* Products */,
			);
			sourceTree = "<group>";
		};
		3866A5B6192DDB4F003EBA23 /* Products */ = {
			isa = PBXGroup;
			children = (
				3866A5B5192DDB4F003EBA23 /* shangjiayi.app */,
				3866A5D9192DDB4F003EBA23 /* shangjiayiTests.xctest */,
			);
			name = Products;
			sourceTree = "<group>";
		};
		3866A5B7192DDB4F003EBA23 /* Frameworks */ = {
			isa = PBXGroup;
			children = (
				3866A5B8192DDB4F003EBA23 /* Foundation.framework */,
				3866A5BA192DDB4F003EBA23 /* CoreGraphics.framework */,
				3866A5BC192DDB4F003EBA23 /* UIKit.framework */,
				3866A5DA192DDB4F003EBA23 /* XCTest.framework */,
			);
			name = Frameworks;
			sourceTree = "<group>";
		};
		3866A5BE192DDB4F003EBA23 /* shangjiayi */ = {
			isa = PBXGroup;
			children = (
				388EE396194EF3DB00F13CE6 /* Classes */,
				388EE395194EF3C800F13CE6 /* Utils */,
				3866A5F0192DDE84003EBA23 /* Images */,
				3866A5C7192DDB4F003EBA23 /* AppDelegate.h */,
				3866A5C8192DDB4F003EBA23 /* AppDelegate.m */,
				3866A5CA192DDB4F003EBA23 /* Main.storyboard */,
				3866A5D3192DDB4F003EBA23 /* Images.xcassets */,
				3866A5BF192DDB4F003EBA23 /* Supporting Files */,
			);
			path = shangjiayi;
			sourceTree = "<group>";
		};
		3866A5BF192DDB4F003EBA23 /* Supporting Files */ = {
			isa = PBXGroup;
			children = (
				3866A5C0192DDB4F003EBA23 /* shangjiayi-Info.plist */,
				3866A5C1192DDB4F003EBA23 /* InfoPlist.strings */,
				3866A5C4192DDB4F003EBA23 /* main.m */,
				3866A5C6192DDB4F003EBA23 /* shangjiayi-Prefix.pch */,
			);
			name = "Supporting Files";
			sourceTree = "<group>";
		};
		3866A5E0192DDB4F003EBA23 /* shangjiayiTests */ = {
			isa = PBXGroup;
			children = (
				3866A5E6192DDB4F003EBA23 /* shangjiayiTests.m */,
				3866A5E1192DDB4F003EBA23 /* Supporting Files */,
			);
			path = shangjiayiTests;
			sourceTree = "<group>";
		};
		3866A5E1192DDB4F003EBA23 /* Supporting Files */ = {
			isa = PBXGroup;
			children = (
				3866A5E2192DDB4F003EBA23 /* shangjiayiTests-Info.plist */,
				3866A5E3192DDB4F003EBA23 /* InfoPlist.strings */,
			);
			name = "Supporting Files";
			sourceTree = "<group>";
		};
		3866A5F0192DDE84003EBA23 /* Images */ = {
			isa = PBXGroup;
			children = (
				38D578801951615C00C0C8D0 /* Setting */,
				3812914C195022D700BE646D /* Icon */,
				381290E419500D2300BE646D /* AddressList */,
				3866A610192DDFD5003EBA23 /* Main */,
				3866A5F1192DDEB4003EBA23 /* Tabbar */,
			);
			name = Images;
			sourceTree = "<group>";
		};
		3866A5F1192DDEB4003EBA23 /* Tabbar */ = {
			isa = PBXGroup;
			children = (
				3866A5F2192DDEBF003EBA23 /* main0104white@2x.png */,
				3866A5F3192DDEBF003EBA23 /* main0103white@2x.png */,
				3866A5F4192DDEBF003EBA23 /* main0102white@2x.png */,
				3866A5F5192DDEBF003EBA23 /* main0105white@2x.png */,
				3866A5F6192DDEBF003EBA23 /* main0101white@2x.png */,
				3866A5F7192DDEBF003EBA23 /* main0101gray@2x.png */,
				3866A5F8192DDEBF003EBA23 /* main0104gray@2x.png */,
				3866A5F9192DDEBF003EBA23 /* main0103gray@2x.png */,
				3866A5FA192DDEBF003EBA23 /* main0102gray@2x.png */,
				3866A5FB192DDEBF003EBA23 /* main0105gray@2x.png */,
			);
			name = Tabbar;
			sourceTree = "<group>";
		};
		3866A610192DDFD5003EBA23 /* Main */ = {
			isa = PBXGroup;
			children = (
				3866A62C192DEBA4003EBA23 /* nav_bgs.png */,
				3866A62D192DEBA4003EBA23 /* nav_bg_ios6s.png */,
				3866A611192DDFDF003EBA23 /* iphone_main_02_0101.png */,
				3866A612192DDFDF003EBA23 /* iphone_main_02_0102.png */,
				3866A613192DDFDF003EBA23 /* iphone_main_02_0103.png */,
				3866A614192DDFDF003EBA23 /* iphone_main_02_0104.png */,
				3866A615192DDFDF003EBA23 /* iphone_main_02_0105.png */,
				3866A616192DDFDF003EBA23 /* iphone_main_02_0106.png */,
				3866A617192DDFDF003EBA23 /* iphone_main_02_bg.png */,
				3866A618192DDFDF003EBA23 /* iphone_main_01_user_ico.png */,
				3866A619192DDFDF003EBA23 /* iphone_main_01_bg.png */,
			);
			name = Main;
			sourceTree = "<group>";
		};
		388EE395194EF3C800F13CE6 /* Utils */ = {
			isa = PBXGroup;
			children = (
				38D578A0195167AB00C0C8D0 /* JSON */,
				38D5789F195167A300C0C8D0 /* Refresh */,
				388EE397194EF3FC00F13CE6 /* SKSTableViewImp */,
			);
			name = Utils;
			sourceTree = "<group>";
		};
		388EE396194EF3DB00F13CE6 /* Classes */ = {
			isa = PBXGroup;
			children = (
				3866A5CD192DDB4F003EBA23 /* FirstViewController.h */,
				3866A5CE192DDB4F003EBA23 /* FirstViewController.m */,
				3866A5D0192DDB4F003EBA23 /* SecondViewController.h */,
				3866A5D1192DDB4F003EBA23 /* SecondViewController.m */,
				38D5787719515EE300C0C8D0 /* Setting */,
				381290DB19500B6F00BE646D /* AddressList */,
				381290EE195011C900BE646D /* AllApps */,
			);
			name = Classes;
			sourceTree = "<group>";
		};
		388EE397194EF3FC00F13CE6 /* SKSTableViewImp */ = {
			isa = PBXGroup;
			children = (
				388EE398194EF41200F13CE6 /* SKSTableView.h */,
				388EE399194EF41200F13CE6 /* SKSTableView.m */,
				388EE39A194EF41200F13CE6 /* SKSTableViewCell.h */,
				388EE39B194EF41200F13CE6 /* SKSTableViewCell.m */,
				388EE39C194EF41200F13CE6 /* SKSTableViewCellIndicator.h */,
				388EE39D194EF41200F13CE6 /* SKSTableViewCellIndicator.m */,
				388EE39E194EF41200F13CE6 /* expandableImage.png */,
				388EE39F194EF41200F13CE6 /* expandableImage@2x.png */,
			);
			name = SKSTableViewImp;
			sourceTree = "<group>";
		};
		38D5787719515EE300C0C8D0 /* Setting */ = {
			isa = PBXGroup;
			children = (
				38D578781951611F00C0C8D0 /* Cell */,
				3866A63A192DED06003EBA23 /* FiveViewController.h */,
				3866A63B192DED06003EBA23 /* FiveViewController.m */,
			);
			name = Setting;
			sourceTree = "<group>";
		};
		38D578781951611F00C0C8D0 /* Cell */ = {
			isa = PBXGroup;
			children = (
				38D578791951612C00C0C8D0 /* SettingTableViewCell.h */,
				38D5787A1951612C00C0C8D0 /* SettingTableViewCell.m */,
				38D5787B1951612C00C0C8D0 /* SettingTableViewCell.xib */,
			);
			name = Cell;
			sourceTree = "<group>";
		};
		38D578801951615C00C0C8D0 /* Setting */ = {
			isa = PBXGroup;
			children = (
				38D578B919516F3400C0C8D0 /* setting_yhgrsz@2x.png */,
				38D578BA19516F3400C0C8D0 /* setting_yhqysz@2x.png */,
				38D578BB19516F3400C0C8D0 /* setting_yqhzhb@2x.png */,
				38D578811951616A00C0C8D0 /* setting_backIcon@2x.png */,
				38D578821951616A00C0C8D0 /* setting_about@2x.png */,
				38D578831951616A00C0C8D0 /* setting_clean@2x.png */,
				38D578841951616A00C0C8D0 /* setting_faq@2x.png */,
				38D578851951616A00C0C8D0 /* setting_feedback@2x.png */,
				38D578861951616A00C0C8D0 /* setting_rate@2x.png */,
				38D578871951616A00C0C8D0 /* setting_share@2x.png */,
				38D578881951616A00C0C8D0 /* setting_version@2x.png */,
				38D578891951616A00C0C8D0 /* setting_vip@2x.png */,
				38D5788A1951616A00C0C8D0 /* setting_weibo@2x.png */,
			);
			name = Setting;
			sourceTree = "<group>";
		};
		38D5789F195167A300C0C8D0 /* Refresh */ = {
			isa = PBXGroup;
			children = (
				38D578A1195167BA00C0C8D0 /* MJRefresh.bundle */,
				38D578A2195167BA00C0C8D0 /* MJRefresh.h */,
				38D578A3195167BA00C0C8D0 /* MJRefreshBaseView.h */,
				38D578A4195167BA00C0C8D0 /* MJRefreshBaseView.m */,
				38D578A5195167BA00C0C8D0 /* MJRefreshConst.h */,
				38D578A6195167BA00C0C8D0 /* MJRefreshConst.m */,
				38D578A7195167BA00C0C8D0 /* MJRefreshFooterView.h */,
				38D578A8195167BA00C0C8D0 /* MJRefreshFooterView.m */,
				38D578A9195167BA00C0C8D0 /* MJRefreshHeaderView.h */,
				38D578AA195167BA00C0C8D0 /* MJRefreshHeaderView.m */,
			);
			name = Refresh;
			sourceTree = "<group>";
		};
		38D578A0195167AB00C0C8D0 /* JSON */ = {
			isa = PBXGroup;
			children = (
				38D578B5195167C400C0C8D0 /* JSONKit.h */,
				38D578B6195167C400C0C8D0 /* JSONKit.m */,
			);
			name = JSON;
			sourceTree = "<group>";
		};
/* End PBXGroup section */

/* Begin PBXNativeTarget section */
		3866A5B4192DDB4F003EBA23 /* shangjiayi */ = {
			isa = PBXNativeTarget;
			buildConfigurationList = 3866A5EA192DDB4F003EBA23 /* Build configuration list for PBXNativeTarget "shangjiayi" */;
			buildPhases = (
				3866A5B1192DDB4F003EBA23 /* Sources */,
				3866A5B2192DDB4F003EBA23 /* Frameworks */,
				3866A5B3192DDB4F003EBA23 /* Resources */,
			);
			buildRules = (
			);
			dependencies = (
			);
			name = shangjiayi;
			productName = shangjiayi;
			productReference = 3866A5B5192DDB4F003EBA23 /* shangjiayi.app */;
			productType = "com.apple.product-type.application";
		};
		3866A5D8192DDB4F003EBA23 /* shangjiayiTests */ = {
			isa = PBXNativeTarget;
			buildConfigurationList = 3866A5ED192DDB4F003EBA23 /* Build configuration list for PBXNativeTarget "shangjiayiTests" */;
			buildPhases = (
				3866A5D5192DDB4F003EBA23 /* Sources */,
				3866A5D6192DDB4F003EBA23 /* Frameworks */,
				3866A5D7192DDB4F003EBA23 /* Resources */,
			);
			buildRules = (
			);
			dependencies = (
				3866A5DF192DDB4F003EBA23 /* PBXTargetDependency */,
			);
			name = shangjiayiTests;
			productName = shangjiayiTests;
			productReference = 3866A5D9192DDB4F003EBA23 /* shangjiayiTests.xctest */;
			productType = "com.apple.product-type.bundle.unit-test";
		};
/* End PBXNativeTarget section */

/* Begin PBXProject section */
		3866A5AD192DDB4F003EBA23 /* Project object */ = {
			isa = PBXProject;
			attributes = {
				LastUpgradeCheck = 0510;
				ORGANIZATIONNAME = welinksoft_Shuaiyin;
				TargetAttributes = {
					3866A5D8192DDB4F003EBA23 = {
						TestTargetID = 3866A5B4192DDB4F003EBA23;
					};
				};
			};
			buildConfigurationList = 3866A5B0192DDB4F003EBA23 /* Build configuration list for PBXProject "shangjiayi" */;
			compatibilityVersion = "Xcode 3.2";
			developmentRegion = English;
			hasScannedForEncodings = 0;
			knownRegions = (
				en,
				Base,
			);
			mainGroup = 3866A5AC192DDB4F003EBA23;
			productRefGroup = 3866A5B6192DDB4F003EBA23 /* Products */;
			projectDirPath = "";
			projectRoot = "";
			targets = (
				3866A5B4192DDB4F003EBA23 /* shangjiayi */,
				3866A5D8192DDB4F003EBA23 /* shangjiayiTests */,
			);
		};
/* End PBXProject section */

/* Begin PBXResourcesBuildPhase section */
		3866A5B3192DDB4F003EBA23 /* Resources */ = {
			isa = PBXResourcesBuildPhase;
			buildActionMask = 2147483647;
			files = (
				3866A62E192DEBA4003EBA23 /* nav_bgs.png in Resources */,
				3812910D19501B5D00BE646D /* ico_color02s.png in Resources */,
				38D578BE19516F3400C0C8D0 /* setting_yhqysz@2x.png in Resources */,
				3866A5FC192DDEBF003EBA23 /* main0104white@2x.png in Resources */,
				381290EC19500D3C00BE646D /* phone.png in Resources */,
				3812911919501B5D00BE646D /* ico_color05s.png in Resources */,
				38D578951951616A00C0C8D0 /* setting_rate@2x.png in Resources */,
				38D578BC19516F3400C0C8D0 /* setting_yhgrsz@2x.png in Resources */,
				3866A624192DDFDF003EBA23 /* iphone_main_02_0106.png in Resources */,
				3866A630192DEBA4003EBA23 /* nav_bg_ios6s.png in Resources */,
				3812911119501B5D00BE646D /* ico_color03s.png in Resources */,
				3812911719501B5D00BE646D /* ico_color05.png in Resources */,
				3812911519501B5D00BE646D /* ico_color04s.png in Resources */,
				3866A606192DDEBF003EBA23 /* main0101gray@2x.png in Resources */,
				381290EA19500D3C00BE646D /* pc.png in Resources */,
				388EE3A6194EF41200F13CE6 /* expandableImage.png in Resources */,
				3866A604192DDEBF003EBA23 /* main0101white@2x.png in Resources */,
				3812912119501B5D00BE646D /* ico_color07s.png in Resources */,
				3866A626192DDFDF003EBA23 /* iphone_main_02_bg.png in Resources */,
				38D578911951616A00C0C8D0 /* setting_faq@2x.png in Resources */,
				3812912319501B5D00BE646D /* ico_color08.png in Resources */,
				3812910F19501B5D00BE646D /* ico_color03.png in Resources */,
				381291611950239900BE646D /* start57_57.png in Resources */,
				388EE3A8194EF41200F13CE6 /* expandableImage@2x.png in Resources */,
				38D578AB195167BA00C0C8D0 /* MJRefresh.bundle in Resources */,
				3812912519501B5D00BE646D /* ico_color08s.png in Resources */,
				3812914219501E7200BE646D /* ico_white03.png in Resources */,
				3812911F19501B5D00BE646D /* ico_color07.png in Resources */,
				3812915D1950231100BE646D /* main_640_1136.png in Resources */,
				3812915A195022FD00BE646D /* start120_120.png in Resources */,
				3812911319501B5D00BE646D /* ico_color04.png in Resources */,
				381291631950239900BE646D /* start58_58.png in Resources */,
				381291671950241700BE646D /* main_640_960.png in Resources */,
				38D5788B1951616A00C0C8D0 /* setting_backIcon@2x.png in Resources */,
				3812914819501E7200BE646D /* ico_white06.png in Resources */,
				38D578C019516F3400C0C8D0 /* setting_yqhzhb@2x.png in Resources */,
				38D578971951616A00C0C8D0 /* setting_share@2x.png in Resources */,
				3866A60E192DDEBF003EBA23 /* main0105gray@2x.png in Resources */,
				381291691950241700BE646D /* main_320_480.png in Resources */,
				3866A60C192DDEBF003EBA23 /* main0102gray@2x.png in Resources */,
				3812914419501E7200BE646D /* ico_white04.png in Resources */,
				38129154195022FD00BE646D /* start72_72.png in Resources */,
				3812913519501B5D00BE646D /* ico_color12s.png in Resources */,
				3812912919501B5D00BE646D /* ico_color09s.png in Resources */,
				3866A62A192DDFDF003EBA23 /* iphone_main_01_bg.png in Resources */,
				3866A61E192DDFDF003EBA23 /* iphone_main_02_0103.png in Resources */,
				3812914A19501E7200BE646D /* ico_white07.png in Resources */,
				3812911B19501B5D00BE646D /* ico_color06.png in Resources */,
				3812912F19501B5D00BE646D /* ico_color11.png in Resources */,
				38D578931951616A00C0C8D0 /* setting_feedback@2x.png in Resources */,
				381290E119500BEA00BE646D /* AddressListCellSubTableViewCell.xib in Resources */,
				3812910919501B5D00BE646D /* ico_color01s.png in Resources */,
				3812912719501B5D00BE646D /* ico_color09.png in Resources */,
				3866A628192DDFDF003EBA23 /* iphone_main_01_user_ico.png in Resources */,
				3812914619501E7200BE646D /* ico_white05.png in Resources */,
				3866A61A192DDFDF003EBA23 /* iphone_main_02_0101.png in Resources */,
				3866A608192DDEBF003EBA23 /* main0104gray@2x.png in Resources */,
				381290E619500D3100BE646D /* mobile.png in Resources */,
				38D578991951616A00C0C8D0 /* setting_version@2x.png in Resources */,
				3866A620192DDFDF003EBA23 /* iphone_main_02_0104.png in Resources */,
				38D5787E1951612C00C0C8D0 /* SettingTableViewCell.xib in Resources */,
				38D5789B1951616A00C0C8D0 /* setting_vip@2x.png in Resources */,
				38129158195022FD00BE646D /* start114_114.png in Resources */,
				3812910B19501B5D00BE646D /* ico_color02.png in Resources */,
				3812914019501E7200BE646D /* ico_white02.png in Resources */,
				3866A5D4192DDB4F003EBA23 /* Images.xcassets in Resources */,
				3866A60A192DDEBF003EBA23 /* main0103gray@2x.png in Resources */,
				38D5788D1951616A00C0C8D0 /* setting_about@2x.png in Resources */,
				3812913319501B5D00BE646D /* ico_color12.png in Resources */,
				3812911D19501B5D00BE646D /* ico_color06s.png in Resources */,
				3812913119501B5D00BE646D /* ico_color11s.png in Resources */,
				3812912B19501B5D00BE646D /* ico_color10.png in Resources */,
				3866A602192DDEBF003EBA23 /* main0105white@2x.png in Resources */,
				3812910719501B5D00BE646D /* ico_color01.png in Resources */,
				3866A600192DDEBF003EBA23 /* main0102white@2x.png in Resources */,
				38129156195022FD00BE646D /* start80x80.png in Resources */,
				3812912D19501B5D00BE646D /* ico_color10s.png in Resources */,
				3866A61C192DDFDF003EBA23 /* iphone_main_02_0102.png in Resources */,
				3866A5C3192DDB4F003EBA23 /* InfoPlist.strings in Resources */,
				3866A5FE192DDEBF003EBA23 /* main0103white@2x.png in Resources */,
				38129152195022FD00BE646D /* start29_29.png in Resources */,
				3866A5CC192DDB4F003EBA23 /* Main.storyboard in Resources */,
				3812913E19501E7200BE646D /* ico_white01.png in Resources */,
				3866A622192DDFDF003EBA23 /* iphone_main_02_0105.png in Resources */,
				38D5789D1951616A00C0C8D0 /* setting_weibo@2x.png in Resources */,
				38D5788F1951616A00C0C8D0 /* setting_clean@2x.png in Resources */,
			);
			runOnlyForDeploymentPostprocessing = 0;
		};
		3866A5D7192DDB4F003EBA23 /* Resources */ = {
			isa = PBXResourcesBuildPhase;
			buildActionMask = 2147483647;
			files = (
				381291641950239900BE646D /* start58_58.png in Resources */,
				3812912E19501B5D00BE646D /* ico_color10s.png in Resources */,
				3812913419501B5D00BE646D /* ico_color12.png in Resources */,
				3866A627192DDFDF003EBA23 /* iphone_main_02_bg.png in Resources */,
				3866A5FF192DDEBF003EBA23 /* main0103white@2x.png in Resources */,
				3812910C19501B5D00BE646D /* ico_color02.png in Resources */,
				3812914719501E7200BE646D /* ico_white05.png in Resources */,
				388EE3A9194EF41200F13CE6 /* expandableImage@2x.png in Resources */,
				3812912A19501B5D00BE646D /* ico_color09s.png in Resources */,
				38D5788E1951616A00C0C8D0 /* setting_about@2x.png in Resources */,
				3866A603192DDEBF003EBA23 /* main0105white@2x.png in Resources */,
				3866A631192DEBA4003EBA23 /* nav_bg_ios6s.png in Resources */,
				388EE3A7194EF41200F13CE6 /* expandableImage.png in Resources */,
				3812912619501B5D00BE646D /* ico_color08s.png in Resources */,
				3812910819501B5D00BE646D /* ico_color01.png in Resources */,
				38129157195022FD00BE646D /* start80x80.png in Resources */,
				3866A60B192DDEBF003EBA23 /* main0103gray@2x.png in Resources */,
				3866A607192DDEBF003EBA23 /* main0101gray@2x.png in Resources */,
				3812911219501B5D00BE646D /* ico_color03s.png in Resources */,
				3866A5FD192DDEBF003EBA23 /* main0104white@2x.png in Resources */,
				38D5789E1951616A00C0C8D0 /* setting_weibo@2x.png in Resources */,
				3866A625192DDFDF003EBA23 /* iphone_main_02_0106.png in Resources */,
				381290ED19500D3C00BE646D /* phone.png in Resources */,
				3866A605192DDEBF003EBA23 /* main0101white@2x.png in Resources */,
				3812911619501B5D00BE646D /* ico_color04s.png in Resources */,
				38D578941951616A00C0C8D0 /* setting_feedback@2x.png in Resources */,
				3812911419501B5D00BE646D /* ico_color04.png in Resources */,
				3866A609192DDEBF003EBA23 /* main0104gray@2x.png in Resources */,
				3812913619501B5D00BE646D /* ico_color12s.png in Resources */,
				38D578BF19516F3400C0C8D0 /* setting_yhqysz@2x.png in Resources */,
				3866A623192DDFDF003EBA23 /* iphone_main_02_0105.png in Resources */,
				381290E719500D3100BE646D /* mobile.png in Resources */,
				3812914B19501E7200BE646D /* ico_white07.png in Resources */,
				3812912419501B5D00BE646D /* ico_color08.png in Resources */,
				3812910E19501B5D00BE646D /* ico_color02s.png in Resources */,
				3812912019501B5D00BE646D /* ico_color07.png in Resources */,
				3866A60F192DDEBF003EBA23 /* main0105gray@2x.png in Resources */,
				3812912819501B5D00BE646D /* ico_color09.png in Resources */,
				38129153195022FD00BE646D /* start29_29.png in Resources */,
				3866A601192DDEBF003EBA23 /* main0102white@2x.png in Resources */,
				3812914319501E7200BE646D /* ico_white03.png in Resources */,
				3812912219501B5D00BE646D /* ico_color07s.png in Resources */,
				3812914519501E7200BE646D /* ico_white04.png in Resources */,
				38D578981951616A00C0C8D0 /* setting_share@2x.png in Resources */,
				38129159195022FD00BE646D /* start114_114.png in Resources */,
				3812914919501E7200BE646D /* ico_white06.png in Resources */,
				381291621950239900BE646D /* start57_57.png in Resources */,
				3812913019501B5D00BE646D /* ico_color11.png in Resources */,
				3866A629192DDFDF003EBA23 /* iphone_main_01_user_ico.png in Resources */,
				381290EB19500D3C00BE646D /* pc.png in Resources */,
				3812914119501E7200BE646D /* ico_white02.png in Resources */,
				3812911019501B5D00BE646D /* ico_color03.png in Resources */,
				381291681950241700BE646D /* main_640_960.png in Resources */,
				3812911A19501B5D00BE646D /* ico_color05s.png in Resources */,
				3866A61D192DDFDF003EBA23 /* iphone_main_02_0102.png in Resources */,
				3866A5E5192DDB4F003EBA23 /* InfoPlist.strings in Resources */,
				38D578961951616A00C0C8D0 /* setting_rate@2x.png in Resources */,
				38D578921951616A00C0C8D0 /* setting_faq@2x.png in Resources */,
				3812913F19501E7200BE646D /* ico_white01.png in Resources */,
				3812912C19501B5D00BE646D /* ico_color10.png in Resources */,
				3812911E19501B5D00BE646D /* ico_color06s.png in Resources */,
				3812915E1950231100BE646D /* main_640_1136.png in Resources */,
				3812913219501B5D00BE646D /* ico_color11s.png in Resources */,
				3812916A1950241700BE646D /* main_320_480.png in Resources */,
				38129155195022FD00BE646D /* start72_72.png in Resources */,
				3812911819501B5D00BE646D /* ico_color05.png in Resources */,
				3812915B195022FD00BE646D /* start120_120.png in Resources */,
				38D5788C1951616A00C0C8D0 /* setting_backIcon@2x.png in Resources */,
				3866A61F192DDFDF003EBA23 /* iphone_main_02_0103.png in Resources */,
				38D5789C1951616A00C0C8D0 /* setting_vip@2x.png in Resources */,
				381290E219500BEA00BE646D /* AddressListCellSubTableViewCell.xib in Resources */,
				3812910A19501B5D00BE646D /* ico_color01s.png in Resources */,
				38D578AC195167BA00C0C8D0 /* MJRefresh.bundle in Resources */,
				38D578C119516F3400C0C8D0 /* setting_yqhzhb@2x.png in Resources */,
				3866A60D192DDEBF003EBA23 /* main0102gray@2x.png in Resources */,
				3812911C19501B5D00BE646D /* ico_color06.png in Resources */,
				3866A62F192DEBA4003EBA23 /* nav_bgs.png in Resources */,
				38D578901951616A00C0C8D0 /* setting_clean@2x.png in Resources */,
				3866A61B192DDFDF003EBA23 /* iphone_main_02_0101.png in Resources */,
				38D5789A1951616A00C0C8D0 /* setting_version@2x.png in Resources */,
				38D578BD19516F3400C0C8D0 /* setting_yhgrsz@2x.png in Resources */,
				3866A621192DDFDF003EBA23 /* iphone_main_02_0104.png in Resources */,
				38D5787F1951612C00C0C8D0 /* SettingTableViewCell.xib in Resources */,
				3866A62B192DDFDF003EBA23 /* iphone_main_01_bg.png in Resources */,
			);
			runOnlyForDeploymentPostprocessing = 0;
		};
/* End PBXResourcesBuildPhase section */

/* Begin PBXSourcesBuildPhase section */
		3866A5B1192DDB4F003EBA23 /* Sources */ = {
			isa = PBXSourcesBuildPhase;
			buildActionMask = 2147483647;
			files = (
				3866A638192DECF4003EBA23 /* FourViewController.m in Sources */,
				3866A5D2192DDB4F003EBA23 /* SecondViewController.m in Sources */,
				38D5787C1951612C00C0C8D0 /* SettingTableViewCell.m in Sources */,
				3866A5C9192DDB4F003EBA23 /* AppDelegate.m in Sources */,
				38D578B7195167C400C0C8D0 /* JSONKit.m in Sources */,
				3866A5CF192DDB4F003EBA23 /* FirstViewController.m in Sources */,
				3866A5C5192DDB4F003EBA23 /* main.m in Sources */,
				38D578AD195167BA00C0C8D0 /* MJRefreshBaseView.m in Sources */,
				388EE3A0194EF41200F13CE6 /* SKSTableView.m in Sources */,
				3866A634192DECD2003EBA23 /* ThreeViewController.m in Sources */,
				388EE3A4194EF41200F13CE6 /* SKSTableViewCellIndicator.m in Sources */,
				38D578B3195167BA00C0C8D0 /* MJRefreshHeaderView.m in Sources */,
				38D578AF195167BA00C0C8D0 /* MJRefreshConst.m in Sources */,
				3866A63C192DED06003EBA23 /* FiveViewController.m in Sources */,
				38D578B1195167BA00C0C8D0 /* MJRefreshFooterView.m in Sources */,
				381290DF19500BEA00BE646D /* AddressListCellSubTableViewCell.m in Sources */,
				388EE3A2194EF41200F13CE6 /* SKSTableViewCell.m in Sources */,
			);
			runOnlyForDeploymentPostprocessing = 0;
		};
		3866A5D5192DDB4F003EBA23 /* Sources */ = {
			isa = PBXSourcesBuildPhase;
			buildActionMask = 2147483647;
			files = (
				38D578B2195167BA00C0C8D0 /* MJRefreshFooterView.m in Sources */,
				3866A63D192DED06003EBA23 /* FiveViewController.m in Sources */,
				381290E019500BEA00BE646D /* AddressListCellSubTableViewCell.m in Sources */,
				388EE3A1194EF41200F13CE6 /* SKSTableView.m in Sources */,
				3866A639192DECF4003EBA23 /* FourViewController.m in Sources */,
				3866A5E7192DDB4F003EBA23 /* shangjiayiTests.m in Sources */,
				3866A635192DECD2003EBA23 /* ThreeViewController.m in Sources */,
				388EE3A3194EF41200F13CE6 /* SKSTableViewCell.m in Sources */,
				388EE3A5194EF41200F13CE6 /* SKSTableViewCellIndicator.m in Sources */,
				38D578B0195167BA00C0C8D0 /* MJRefreshConst.m in Sources */,
				38D578AE195167BA00C0C8D0 /* MJRefreshBaseView.m in Sources */,
				38D578B4195167BA00C0C8D0 /* MJRefreshHeaderView.m in Sources */,
				38D578B8195167C400C0C8D0 /* JSONKit.m in Sources */,
				38D5787D1951612C00C0C8D0 /* SettingTableViewCell.m in Sources */,
			);
			runOnlyForDeploymentPostprocessing = 0;
		};
/* End PBXSourcesBuildPhase section */

/* Begin PBXTargetDependency section */
		3866A5DF192DDB4F003EBA23 /* PBXTargetDependency */ = {
			isa = PBXTargetDependency;
			target = 3866A5B4192DDB4F003EBA23 /* shangjiayi */;
			targetProxy = 3866A5DE192DDB4F003EBA23 /* PBXContainerItemProxy */;
		};
/* End PBXTargetDependency section */

/* Begin PBXVariantGroup section */
		3866A5C1192DDB4F003EBA23 /* InfoPlist.strings */ = {
			isa = PBXVariantGroup;
			children = (
				3866A5C2192DDB4F003EBA23 /* en */,
			);
			name = InfoPlist.strings;
			sourceTree = "<group>";
		};
		3866A5CA192DDB4F003EBA23 /* Main.storyboard */ = {
			isa = PBXVariantGroup;
			children = (
				3866A5CB192DDB4F003EBA23 /* Base */,
			);
			name = Main.storyboard;
			sourceTree = "<group>";
		};
		3866A5E3192DDB4F003EBA23 /* InfoPlist.strings */ = {
			isa = PBXVariantGroup;
			children = (
				3866A5E4192DDB4F003EBA23 /* en */,
			);
			name = InfoPlist.strings;
			sourceTree = "<group>";
		};
/* End PBXVariantGroup section */

/* Begin XCBuildConfiguration section */
		3866A5E8192DDB4F003EBA23 /* Debug */ = {
			isa = XCBuildConfiguration;
			buildSettings = {
				ALWAYS_SEARCH_USER_PATHS = NO;
				CLANG_CXX_LANGUAGE_STANDARD = "gnu++0x";
				CLANG_CXX_LIBRARY = "libc++";
				CLANG_ENABLE_MODULES = YES;
				CLANG_ENABLE_OBJC_ARC = YES;
				CLANG_WARN_BOOL_CONVERSION = YES;
				CLANG_WARN_CONSTANT_CONVERSION = YES;
				CLANG_WARN_DIRECT_OBJC_ISA_USAGE = YES_ERROR;
				CLANG_WARN_EMPTY_BODY = YES;
				CLANG_WARN_ENUM_CONVERSION = YES;
				CLANG_WARN_INT_CONVERSION = YES;
				CLANG_WARN_OBJC_ROOT_CLASS = YES_ERROR;
				CLANG_WARN__DUPLICATE_METHOD_MATCH = YES;
				"CODE_SIGN_IDENTITY[sdk=iphoneos*]" = "iPhone Developer";
				COPY_PHASE_STRIP = NO;
				GCC_C_LANGUAGE_STANDARD = gnu99;
				GCC_DYNAMIC_NO_PIC = NO;
				GCC_OPTIMIZATION_LEVEL = 0;
				GCC_PREPROCESSOR_DEFINITIONS = (
					"DEBUG=1",
					"$(inherited)",
				);
				GCC_SYMBOLS_PRIVATE_EXTERN = NO;
				GCC_WARN_64_TO_32_BIT_CONVERSION = YES;
				GCC_WARN_ABOUT_RETURN_TYPE = YES_ERROR;
				GCC_WARN_UNDECLARED_SELECTOR = YES;
				GCC_WARN_UNINITIALIZED_AUTOS = YES_AGGRESSIVE;
				GCC_WARN_UNUSED_FUNCTION = YES;
				GCC_WARN_UNUSED_VARIABLE = YES;
				IPHONEOS_DEPLOYMENT_TARGET = 7.1;
				ONLY_ACTIVE_ARCH = YES;
				SDKROOT = iphoneos;
			};
			name = Debug;
		};
		3866A5E9192DDB4F003EBA23 /* Release */ = {
			isa = XCBuildConfiguration;
			buildSettings = {
				ALWAYS_SEARCH_USER_PATHS = NO;
				CLANG_CXX_LANGUAGE_STANDARD = "gnu++0x";
				CLANG_CXX_LIBRARY = "libc++";
				CLANG_ENABLE_MODULES = YES;
				CLANG_ENABLE_OBJC_ARC = YES;
				CLANG_WARN_BOOL_CONVERSION = YES;
				CLANG_WARN_CONSTANT_CONVERSION = YES;
				CLANG_WARN_DIRECT_OBJC_ISA_USAGE = YES_ERROR;
				CLANG_WARN_EMPTY_BODY = YES;
				CLANG_WARN_ENUM_CONVERSION = YES;
				CLANG_WARN_INT_CONVERSION = YES;
				CLANG_WARN_OBJC_ROOT_CLASS = YES_ERROR;
				CLANG_WARN__DUPLICATE_METHOD_MATCH = YES;
				"CODE_SIGN_IDENTITY[sdk=iphoneos*]" = "iPhone Developer";
				COPY_PHASE_STRIP = YES;
				ENABLE_NS_ASSERTIONS = NO;
				GCC_C_LANGUAGE_STANDARD = gnu99;
				GCC_WARN_64_TO_32_BIT_CONVERSION = YES;
				GCC_WARN_ABOUT_RETURN_TYPE = YES_ERROR;
				GCC_WARN_UNDECLARED_SELECTOR = YES;
				GCC_WARN_UNINITIALIZED_AUTOS = YES_AGGRESSIVE;
				GCC_WARN_UNUSED_FUNCTION = YES;
				GCC_WARN_UNUSED_VARIABLE = YES;
				IPHONEOS_DEPLOYMENT_TARGET = 7.1;
				SDKROOT = iphoneos;
				VALIDATE_PRODUCT = YES;
			};
			name = Release;
		};
		3866A5EB192DDB4F003EBA23 /* Debug */ = {
			isa = XCBuildConfiguration;
			buildSettings = {
				ASSETCATALOG_COMPILER_APPICON_NAME = AppIcon;
				ASSETCATALOG_COMPILER_LAUNCHIMAGE_NAME = LaunchImage;
				GCC_PRECOMPILE_PREFIX_HEADER = YES;
				GCC_PREFIX_HEADER = "shangjiayi/shangjiayi-Prefix.pch";
				INFOPLIST_FILE = "shangjiayi/shangjiayi-Info.plist";
				PRODUCT_NAME = "$(TARGET_NAME)";
				WRAPPER_EXTENSION = app;
			};
			name = Debug;
		};
		3866A5EC192DDB4F003EBA23 /* Release */ = {
			isa = XCBuildConfiguration;
			buildSettings = {
				ASSETCATALOG_COMPILER_APPICON_NAME = AppIcon;
				ASSETCATALOG_COMPILER_LAUNCHIMAGE_NAME = LaunchImage;
				GCC_PRECOMPILE_PREFIX_HEADER = YES;
				GCC_PREFIX_HEADER = "shangjiayi/shangjiayi-Prefix.pch";
				INFOPLIST_FILE = "shangjiayi/shangjiayi-Info.plist";
				PRODUCT_NAME = "$(TARGET_NAME)";
				WRAPPER_EXTENSION = app;
			};
			name = Release;
		};
		3866A5EE192DDB4F003EBA23 /* Debug */ = {
			isa = XCBuildConfiguration;
			buildSettings = {
				BUNDLE_LOADER = "$(BUILT_PRODUCTS_DIR)/shangjiayi.app/shangjiayi";
				FRAMEWORK_SEARCH_PATHS = (
					"$(SDKROOT)/Developer/Library/Frameworks",
					"$(inherited)",
					"$(DEVELOPER_FRAMEWORKS_DIR)",
				);
				GCC_PRECOMPILE_PREFIX_HEADER = YES;
				GCC_PREFIX_HEADER = "shangjiayi/shangjiayi-Prefix.pch";
				GCC_PREPROCESSOR_DEFINITIONS = (
					"DEBUG=1",
					"$(inherited)",
				);
				INFOPLIST_FILE = "shangjiayiTests/shangjiayiTests-Info.plist";
				PRODUCT_NAME = "$(TARGET_NAME)";
				TEST_HOST = "$(BUNDLE_LOADER)";
				WRAPPER_EXTENSION = xctest;
			};
			name = Debug;
		};
		3866A5EF192DDB4F003EBA23 /* Release */ = {
			isa = XCBuildConfiguration;
			buildSettings = {
				BUNDLE_LOADER = "$(BUILT_PRODUCTS_DIR)/shangjiayi.app/shangjiayi";
				FRAMEWORK_SEARCH_PATHS = (
					"$(SDKROOT)/Developer/Library/Frameworks",
					"$(inherited)",
					"$(DEVELOPER_FRAMEWORKS_DIR)",
				);
				GCC_PRECOMPILE_PREFIX_HEADER = YES;
				GCC_PREFIX_HEADER = "shangjiayi/shangjiayi-Prefix.pch";
				INFOPLIST_FILE = "shangjiayiTests/shangjiayiTests-Info.plist";
				PRODUCT_NAME = "$(TARGET_NAME)";
				TEST_HOST = "$(BUNDLE_LOADER)";
				WRAPPER_EXTENSION = xctest;
			};
			name = Release;
		};
/* End XCBuildConfiguration section */

/* Begin XCConfigurationList section */
		3866A5B0192DDB4F003EBA23 /* Build configuration list for PBXProject "shangjiayi" */ = {
			isa = XCConfigurationList;
			buildConfigurations = (
				3866A5E8192DDB4F003EBA23 /* Debug */,
				3866A5E9192DDB4F003EBA23 /* Release */,
			);
			defaultConfigurationIsVisible = 0;
			defaultConfigurationName = Release;
		};
		3866A5EA192DDB4F003EBA23 /* Build configuration list for PBXNativeTarget "shangjiayi" */ = {
			isa = XCConfigurationList;
			buildConfigurations = (
				3866A5EB192DDB4F003EBA23 /* Debug */,
				3866A5EC192DDB4F003EBA23 /* Release */,
			);
			defaultConfigurationIsVisible = 0;
			defaultConfigurationName = Release;
		};
		3866A5ED192DDB4F003EBA23 /* Build configuration list for PBXNativeTarget "shangjiayiTests" */ = {
			isa = XCConfigurationList;
			buildConfigurations = (
				3866A5EE192DDB4F003EBA23 /* Debug */,
				3866A5EF192DDB4F003EBA23 /* Release */,
			);
			defaultConfigurationIsVisible = 0;
			defaultConfigurationName = Release;
		};
/* End XCConfigurationList section */
	};
	rootObject = 3866A5AD192DDB4F003EBA23 /* Project object */;
}
